// !$*UTF8*$!
{
	archiveVersion = 1;
	classes = {
	};
	objectVersion = 46;
	objects = {

/* Begin PBXBuildFile section */
		7711417215125CD100BCCE00 /* BMLTSimpleSearchViewController.m in Sources */ = {isa = PBXBuildFile; fileRef = 7711417115125CD100BCCE00 /* BMLTSimpleSearchViewController.m */; };
		771D0C34150E88E5005A707A /* BMLTAppDelegate.m in Sources */ = {isa = PBXBuildFile; fileRef = 771D0C32150E88E5005A707A /* BMLTAppDelegate.m */; };
		771D0C35150E88E5005A707A /* main.m in Sources */ = {isa = PBXBuildFile; fileRef = 771D0C33150E88E5005A707A /* main.m */; };
		771D0C47150E892A005A707A /* BMLTAdvancedSearchViewController.m in Sources */ = {isa = PBXBuildFile; fileRef = 771D0C3E150E892A005A707A /* BMLTAdvancedSearchViewController.m */; };
		771D0C49150E892A005A707A /* BMLTMapSearchViewController.m in Sources */ = {isa = PBXBuildFile; fileRef = 771D0C42150E892A005A707A /* BMLTMapSearchViewController.m */; };
		771D0C7A150E893C005A707A /* BMLTMapResultsViewController.m in Sources */ = {isa = PBXBuildFile; fileRef = 771D0C4F150E893C005A707A /* BMLTMapResultsViewController.m */; };
		771D0C7D150E893C005A707A /* BMLT_Prefs.m in Sources */ = {isa = PBXBuildFile; fileRef = 771D0C55150E893C005A707A /* BMLT_Prefs.m */; };
		771D0C7E150E893C005A707A /* BrassCheckBox.m in Sources */ = {isa = PBXBuildFile; fileRef = 771D0C57150E893C005A707A /* BrassCheckBox.m */; };
		771D0C7F150E893C005A707A /* Reachability.m in Sources */ = {isa = PBXBuildFile; fileRef = 771D0C59150E893C005A707A /* Reachability.m */; };
		771D0C80150E893C005A707A /* A_BMLT_ChildClass.m in Sources */ = {isa = PBXBuildFile; fileRef = 771D0C5C150E893C005A707A /* A_BMLT_ChildClass.m */; };
		771D0C81150E893C005A707A /* A_BMLT_Search.m in Sources */ = {isa = PBXBuildFile; fileRef = 771D0C5E150E893C005A707A /* A_BMLT_Search.m */; };
		771D0C82150E893C005A707A /* A_BMLT_ServiceBodyHierClass.m in Sources */ = {isa = PBXBuildFile; fileRef = 771D0C60150E893C005A707A /* A_BMLT_ServiceBodyHierClass.m */; };
		771D0C83150E893C005A707A /* BMLT_Driver.m in Sources */ = {isa = PBXBuildFile; fileRef = 771D0C62150E893C005A707A /* BMLT_Driver.m */; };
		771D0C84150E893C005A707A /* BMLT_Format.m in Sources */ = {isa = PBXBuildFile; fileRef = 771D0C64150E893C005A707A /* BMLT_Format.m */; };
		771D0C85150E893C005A707A /* BMLT_Location.m in Sources */ = {isa = PBXBuildFile; fileRef = 771D0C66150E893C005A707A /* BMLT_Location.m */; };
		771D0C86150E893C005A707A /* BMLT_Meeting.m in Sources */ = {isa = PBXBuildFile; fileRef = 771D0C68150E893C005A707A /* BMLT_Meeting.m */; };
		771D0C87150E893C005A707A /* BMLT_Meeting_Search.m in Sources */ = {isa = PBXBuildFile; fileRef = 771D0C6A150E893C005A707A /* BMLT_Meeting_Search.m */; };
		771D0C88150E893C005A707A /* BMLT_Parser.m in Sources */ = {isa = PBXBuildFile; fileRef = 771D0C6D150E893C005A707A /* BMLT_Parser.m */; };
		771D0C89150E893C005A707A /* BMLT_Server.m in Sources */ = {isa = PBXBuildFile; fileRef = 771D0C6F150E893C005A707A /* BMLT_Server.m */; };
		771D0C8A150E893C005A707A /* BMLT_ServiceBody.m in Sources */ = {isa = PBXBuildFile; fileRef = 771D0C71150E893C005A707A /* BMLT_ServiceBody.m */; };
		771D0C8B150E893C005A707A /* BMLTAboutViewController.m in Sources */ = {isa = PBXBuildFile; fileRef = 771D0C75150E893C005A707A /* BMLTAboutViewController.m */; };
		771D0C8C150E893C005A707A /* BMLTSettingsViewController.m in Sources */ = {isa = PBXBuildFile; fileRef = 771D0C77150E893C005A707A /* BMLTSettingsViewController.m */; };
		771D0C90150E8986005A707A /* CoreLocation.framework in Frameworks */ = {isa = PBXBuildFile; fileRef = 771D0C8F150E8986005A707A /* CoreLocation.framework */; };
		771D0C92150E899B005A707A /* QuartzCore.framework in Frameworks */ = {isa = PBXBuildFile; fileRef = 771D0C91150E899B005A707A /* QuartzCore.framework */; };
		771D0C94150E89BC005A707A /* SystemConfiguration.framework in Frameworks */ = {isa = PBXBuildFile; fileRef = 771D0C93150E89BC005A707A /* SystemConfiguration.framework */; };
		771D0CD4150E8B73005A707A /* BMLTListResultsViewController.m in Sources */ = {isa = PBXBuildFile; fileRef = 771D0CD1150E8B73005A707A /* BMLTListResultsViewController.m */; };
		773FF2E01514C38200540E30 /* Localizable.strings in Resources */ = {isa = PBXBuildFile; fileRef = 773FF2E21514C38200540E30 /* Localizable.strings */; };
		775E0B461514C3EE00C716D9 /* iPad.storyboard in Resources */ = {isa = PBXBuildFile; fileRef = 775E0B441514C3EE00C716D9 /* iPad.storyboard */; };
		775E0B471514C3EE00C716D9 /* iPhone.storyboard in Resources */ = {isa = PBXBuildFile; fileRef = 775E0B451514C3EE00C716D9 /* iPhone.storyboard */; };
		77977D10150E882B00485C8D /* UIKit.framework in Frameworks */ = {isa = PBXBuildFile; fileRef = 77977D0F150E882B00485C8D /* UIKit.framework */; };
		77977D12150E882B00485C8D /* Foundation.framework in Frameworks */ = {isa = PBXBuildFile; fileRef = 77977D11150E882B00485C8D /* Foundation.framework */; };
		77977D14150E882B00485C8D /* CoreGraphics.framework in Frameworks */ = {isa = PBXBuildFile; fileRef = 77977D13150E882B00485C8D /* CoreGraphics.framework */; };
		77A10D48151022C200279AAC /* BMLTSegwayController.m in Sources */ = {isa = PBXBuildFile; fileRef = 77A10D47151022C200279AAC /* BMLTSegwayController.m */; };
		77A7FD7915122F9900FD6300 /* BMLTBlueView.m in Sources */ = {isa = PBXBuildFile; fileRef = 77A7FD7815122F9900FD6300 /* BMLTBlueView.m */; };
		77BC71951512BB6A000BEFC0 /* Animated_BMLT_Logo.m in Sources */ = {isa = PBXBuildFile; fileRef = 77BC71941512BB6A000BEFC0 /* Animated_BMLT_Logo.m */; };
		77BC71981512BFA1000BEFC0 /* A_BMLTSearchResultsViewController.m in Sources */ = {isa = PBXBuildFile; fileRef = 77BC71971512BFA1000BEFC0 /* A_BMLTSearchResultsViewController.m */; };
		77D90B4E1514C6460059EF41 /* BlueBackgroundPat.gif in Resources */ = {isa = PBXBuildFile; fileRef = 77D90B051514C6460059EF41 /* BlueBackgroundPat.gif */; };
		77D90B4F1514C6460059EF41 /* BottomLayer.png in Resources */ = {isa = PBXBuildFile; fileRef = 77D90B071514C6460059EF41 /* BottomLayer.png */; };
		77D90B501514C6460059EF41 /* Globe_00.png in Resources */ = {isa = PBXBuildFile; fileRef = 77D90B091514C6460059EF41 /* Globe_00.png */; };
		77D90B511514C6460059EF41 /* Globe_01.png in Resources */ = {isa = PBXBuildFile; fileRef = 77D90B0A1514C6460059EF41 /* Globe_01.png */; };
		77D90B521514C6460059EF41 /* Globe_02.png in Resources */ = {isa = PBXBuildFile; fileRef = 77D90B0B1514C6460059EF41 /* Globe_02.png */; };
		77D90B531514C6460059EF41 /* Globe_03.png in Resources */ = {isa = PBXBuildFile; fileRef = 77D90B0C1514C6460059EF41 /* Globe_03.png */; };
		77D90B541514C6460059EF41 /* Globe_04.png in Resources */ = {isa = PBXBuildFile; fileRef = 77D90B0D1514C6460059EF41 /* Globe_04.png */; };
		77D90B551514C6460059EF41 /* Globe_05.png in Resources */ = {isa = PBXBuildFile; fileRef = 77D90B0E1514C6460059EF41 /* Globe_05.png */; };
		77D90B561514C6460059EF41 /* Globe_06.png in Resources */ = {isa = PBXBuildFile; fileRef = 77D90B0F1514C6460059EF41 /* Globe_06.png */; };
		77D90B571514C6460059EF41 /* Globe_07.png in Resources */ = {isa = PBXBuildFile; fileRef = 77D90B101514C6460059EF41 /* Globe_07.png */; };
		77D90B581514C6460059EF41 /* Globe_08.png in Resources */ = {isa = PBXBuildFile; fileRef = 77D90B111514C6460059EF41 /* Globe_08.png */; };
		77D90B591514C6460059EF41 /* Globe_09.png in Resources */ = {isa = PBXBuildFile; fileRef = 77D90B121514C6460059EF41 /* Globe_09.png */; };
		77D90B5A1514C6460059EF41 /* Globe_10.png in Resources */ = {isa = PBXBuildFile; fileRef = 77D90B131514C6460059EF41 /* Globe_10.png */; };
		77D90B5B1514C6460059EF41 /* Globe_11.png in Resources */ = {isa = PBXBuildFile; fileRef = 77D90B141514C6460059EF41 /* Globe_11.png */; };
		77D90B5C1514C6460059EF41 /* Globe_12.png in Resources */ = {isa = PBXBuildFile; fileRef = 77D90B151514C6460059EF41 /* Globe_12.png */; };
		77D90B5D1514C6460059EF41 /* Globe_13.png in Resources */ = {isa = PBXBuildFile; fileRef = 77D90B161514C6460059EF41 /* Globe_13.png */; };
		77D90B5E1514C6460059EF41 /* Globe_14.png in Resources */ = {isa = PBXBuildFile; fileRef = 77D90B171514C6460059EF41 /* Globe_14.png */; };
		77D90B5F1514C6460059EF41 /* Globe_15.png in Resources */ = {isa = PBXBuildFile; fileRef = 77D90B181514C6460059EF41 /* Globe_15.png */; };
		77D90B601514C6460059EF41 /* Globe_16.png in Resources */ = {isa = PBXBuildFile; fileRef = 77D90B191514C6460059EF41 /* Globe_16.png */; };
		77D90B611514C6460059EF41 /* Globe_17.png in Resources */ = {isa = PBXBuildFile; fileRef = 77D90B1A1514C6460059EF41 /* Globe_17.png */; };
		77D90B621514C6460059EF41 /* Globe_18.png in Resources */ = {isa = PBXBuildFile; fileRef = 77D90B1B1514C6460059EF41 /* Globe_18.png */; };
		77D90B631514C6460059EF41 /* Globe_19.png in Resources */ = {isa = PBXBuildFile; fileRef = 77D90B1C1514C6460059EF41 /* Globe_19.png */; };
		77D90B641514C6460059EF41 /* Globe_20.png in Resources */ = {isa = PBXBuildFile; fileRef = 77D90B1D1514C6460059EF41 /* Globe_20.png */; };
		77D90B651514C6460059EF41 /* Globe_21.png in Resources */ = {isa = PBXBuildFile; fileRef = 77D90B1E1514C6460059EF41 /* Globe_21.png */; };
		77D90B661514C6460059EF41 /* Globe_22.png in Resources */ = {isa = PBXBuildFile; fileRef = 77D90B1F1514C6460059EF41 /* Globe_22.png */; };
		77D90B671514C6460059EF41 /* Globe_23.png in Resources */ = {isa = PBXBuildFile; fileRef = 77D90B201514C6460059EF41 /* Globe_23.png */; };
		77D90B681514C6460059EF41 /* Globe_24.png in Resources */ = {isa = PBXBuildFile; fileRef = 77D90B211514C6460059EF41 /* Globe_24.png */; };
		77D90B691514C6460059EF41 /* Globe_25.png in Resources */ = {isa = PBXBuildFile; fileRef = 77D90B221514C6460059EF41 /* Globe_25.png */; };
		77D90B6A1514C6460059EF41 /* Globe_26.png in Resources */ = {isa = PBXBuildFile; fileRef = 77D90B231514C6460059EF41 /* Globe_26.png */; };
		77D90B6B1514C6460059EF41 /* Globe_27.png in Resources */ = {isa = PBXBuildFile; fileRef = 77D90B241514C6460059EF41 /* Globe_27.png */; };
		77D90B6C1514C6460059EF41 /* Globe_28.png in Resources */ = {isa = PBXBuildFile; fileRef = 77D90B251514C6460059EF41 /* Globe_28.png */; };
		77D90B6D1514C6460059EF41 /* Globe_29.png in Resources */ = {isa = PBXBuildFile; fileRef = 77D90B261514C6460059EF41 /* Globe_29.png */; };
		77D90B6E1514C6460059EF41 /* Globe_30.png in Resources */ = {isa = PBXBuildFile; fileRef = 77D90B271514C6460059EF41 /* Globe_30.png */; };
		77D90B6F1514C6460059EF41 /* Globe_31.png in Resources */ = {isa = PBXBuildFile; fileRef = 77D90B281514C6460059EF41 /* Globe_31.png */; };
		77D90B701514C6460059EF41 /* Globe_32.png in Resources */ = {isa = PBXBuildFile; fileRef = 77D90B291514C6460059EF41 /* Globe_32.png */; };
		77D90B711514C6460059EF41 /* Globe_33.png in Resources */ = {isa = PBXBuildFile; fileRef = 77D90B2A1514C6460059EF41 /* Globe_33.png */; };
		77D90B721514C6460059EF41 /* Globe_34.png in Resources */ = {isa = PBXBuildFile; fileRef = 77D90B2B1514C6460059EF41 /* Globe_34.png */; };
		77D90B731514C6460059EF41 /* Globe_35.png in Resources */ = {isa = PBXBuildFile; fileRef = 77D90B2C1514C6460059EF41 /* Globe_35.png */; };
		77D90B741514C6460059EF41 /* Globe_36.png in Resources */ = {isa = PBXBuildFile; fileRef = 77D90B2D1514C6460059EF41 /* Globe_36.png */; };
		77D90B751514C6460059EF41 /* Globe_37.png in Resources */ = {isa = PBXBuildFile; fileRef = 77D90B2E1514C6460059EF41 /* Globe_37.png */; };
		77D90B761514C6460059EF41 /* Globe_38.png in Resources */ = {isa = PBXBuildFile; fileRef = 77D90B2F1514C6460059EF41 /* Globe_38.png */; };
		77D90B771514C6460059EF41 /* Globe_39.png in Resources */ = {isa = PBXBuildFile; fileRef = 77D90B301514C6460059EF41 /* Globe_39.png */; };
		77D90B781514C6460059EF41 /* Globe_40.png in Resources */ = {isa = PBXBuildFile; fileRef = 77D90B311514C6460059EF41 /* Globe_40.png */; };
		77D90B791514C6460059EF41 /* Globe_41.png in Resources */ = {isa = PBXBuildFile; fileRef = 77D90B321514C6460059EF41 /* Globe_41.png */; };
		77D90B7A1514C6460059EF41 /* Globe_42.png in Resources */ = {isa = PBXBuildFile; fileRef = 77D90B331514C6460059EF41 /* Globe_42.png */; };
		77D90B7B1514C6460059EF41 /* Globe_43.png in Resources */ = {isa = PBXBuildFile; fileRef = 77D90B341514C6460059EF41 /* Globe_43.png */; };
		77D90B7C1514C6460059EF41 /* Globe_44.png in Resources */ = {isa = PBXBuildFile; fileRef = 77D90B351514C6460059EF41 /* Globe_44.png */; };
		77D90B7D1514C6460059EF41 /* Globe_45.png in Resources */ = {isa = PBXBuildFile; fileRef = 77D90B361514C6460059EF41 /* Globe_45.png */; };
		77D90B7E1514C6460059EF41 /* Globe_46.png in Resources */ = {isa = PBXBuildFile; fileRef = 77D90B371514C6460059EF41 /* Globe_46.png */; };
		77D90B7F1514C6460059EF41 /* Globe_47.png in Resources */ = {isa = PBXBuildFile; fileRef = 77D90B381514C6460059EF41 /* Globe_47.png */; };
		77D90B801514C6460059EF41 /* Globe_48.png in Resources */ = {isa = PBXBuildFile; fileRef = 77D90B391514C6460059EF41 /* Globe_48.png */; };
		77D90B811514C6460059EF41 /* Globe_49.png in Resources */ = {isa = PBXBuildFile; fileRef = 77D90B3A1514C6460059EF41 /* Globe_49.png */; };
		77D90B821514C6460059EF41 /* Globe_50.png in Resources */ = {isa = PBXBuildFile; fileRef = 77D90B3B1514C6460059EF41 /* Globe_50.png */; };
		77D90B831514C6460059EF41 /* Globe_51.png in Resources */ = {isa = PBXBuildFile; fileRef = 77D90B3C1514C6460059EF41 /* Globe_51.png */; };
		77D90B841514C6460059EF41 /* Globe_52.png in Resources */ = {isa = PBXBuildFile; fileRef = 77D90B3D1514C6460059EF41 /* Globe_52.png */; };
		77D90B851514C6460059EF41 /* Globe_53.png in Resources */ = {isa = PBXBuildFile; fileRef = 77D90B3E1514C6460059EF41 /* Globe_53.png */; };
		77D90B861514C6460059EF41 /* Globe_54.png in Resources */ = {isa = PBXBuildFile; fileRef = 77D90B3F1514C6460059EF41 /* Globe_54.png */; };
		77D90B871514C6460059EF41 /* Globe_55.png in Resources */ = {isa = PBXBuildFile; fileRef = 77D90B401514C6460059EF41 /* Globe_55.png */; };
		77D90B881514C6460059EF41 /* Globe_56.png in Resources */ = {isa = PBXBuildFile; fileRef = 77D90B411514C6460059EF41 /* Globe_56.png */; };
		77D90B891514C6460059EF41 /* Globe_57.png in Resources */ = {isa = PBXBuildFile; fileRef = 77D90B421514C6460059EF41 /* Globe_57.png */; };
		77D90B8A1514C6460059EF41 /* Globe_58.png in Resources */ = {isa = PBXBuildFile; fileRef = 77D90B431514C6460059EF41 /* Globe_58.png */; };
		77D90B8B1514C6460059EF41 /* Globe_59.png in Resources */ = {isa = PBXBuildFile; fileRef = 77D90B441514C6460059EF41 /* Globe_59.png */; };
		77D90B8C1514C6460059EF41 /* TopLayer.png in Resources */ = {isa = PBXBuildFile; fileRef = 77D90B451514C6460059EF41 /* TopLayer.png */; };
		77D90B8D1514C6460059EF41 /* list.png in Resources */ = {isa = PBXBuildFile; fileRef = 77D90B461514C6460059EF41 /* list.png */; };
		77D90B8E1514C6460059EF41 /* list@2x.png in Resources */ = {isa = PBXBuildFile; fileRef = 77D90B471514C6460059EF41 /* list@2x.png */; };
		77D90B8F1514C6460059EF41 /* map.png in Resources */ = {isa = PBXBuildFile; fileRef = 77D90B481514C6460059EF41 /* map.png */; };
		77D90B901514C6460059EF41 /* map@2x.png in Resources */ = {isa = PBXBuildFile; fileRef = 77D90B491514C6460059EF41 /* map@2x.png */; };
		77D90B911514C6460059EF41 /* search.png in Resources */ = {isa = PBXBuildFile; fileRef = 77D90B4A1514C6460059EF41 /* search.png */; };
		77D90B921514C6460059EF41 /* search@2x.png in Resources */ = {isa = PBXBuildFile; fileRef = 77D90B4B1514C6460059EF41 /* search@2x.png */; };
		77D90B931514C6460059EF41 /* settings.png in Resources */ = {isa = PBXBuildFile; fileRef = 77D90B4C1514C6460059EF41 /* settings.png */; };
		77D90B941514C6460059EF41 /* settings@2x.png in Resources */ = {isa = PBXBuildFile; fileRef = 77D90B4D1514C6460059EF41 /* settings@2x.png */; };
		77D90B9A1514C6A60059EF41 /* MyLocalizable.strings in Resources */ = {isa = PBXBuildFile; fileRef = 77D90B971514C6A60059EF41 /* MyLocalizable.strings */; };
/* End PBXBuildFile section */

/* Begin PBXFileReference section */
		7711417015125CD100BCCE00 /* BMLTSimpleSearchViewController.h */ = {isa = PBXFileReference; fileEncoding = 4; lastKnownFileType = sourcecode.c.h; path = BMLTSimpleSearchViewController.h; sourceTree = "<group>"; };
		7711417115125CD100BCCE00 /* BMLTSimpleSearchViewController.m */ = {isa = PBXFileReference; fileEncoding = 4; lastKnownFileType = sourcecode.c.objc; path = BMLTSimpleSearchViewController.m; sourceTree = "<group>"; };
		771D0C31150E88E5005A707A /* BMLTAppDelegate.h */ = {isa = PBXFileReference; fileEncoding = 4; lastKnownFileType = sourcecode.c.h; path = BMLTAppDelegate.h; sourceTree = "<group>"; };
		771D0C32150E88E5005A707A /* BMLTAppDelegate.m */ = {isa = PBXFileReference; fileEncoding = 4; lastKnownFileType = sourcecode.c.objc; path = BMLTAppDelegate.m; sourceTree = "<group>"; };
		771D0C33150E88E5005A707A /* main.m */ = {isa = PBXFileReference; fileEncoding = 4; lastKnownFileType = sourcecode.c.objc; path = main.m; sourceTree = "<group>"; };
		771D0C3D150E892A005A707A /* BMLTAdvancedSearchViewController.h */ = {isa = PBXFileReference; fileEncoding = 4; lastKnownFileType = sourcecode.c.h; path = BMLTAdvancedSearchViewController.h; sourceTree = "<group>"; };
		771D0C3E150E892A005A707A /* BMLTAdvancedSearchViewController.m */ = {isa = PBXFileReference; fileEncoding = 4; lastKnownFileType = sourcecode.c.objc; path = BMLTAdvancedSearchViewController.m; sourceTree = "<group>"; };
		771D0C41150E892A005A707A /* BMLTMapSearchViewController.h */ = {isa = PBXFileReference; fileEncoding = 4; lastKnownFileType = sourcecode.c.h; path = BMLTMapSearchViewController.h; sourceTree = "<group>"; };
		771D0C42150E892A005A707A /* BMLTMapSearchViewController.m */ = {isa = PBXFileReference; fileEncoding = 4; lastKnownFileType = sourcecode.c.objc; path = BMLTMapSearchViewController.m; sourceTree = "<group>"; };
		771D0C4E150E893C005A707A /* BMLTMapResultsViewController.h */ = {isa = PBXFileReference; fileEncoding = 4; lastKnownFileType = sourcecode.c.h; path = BMLTMapResultsViewController.h; sourceTree = "<group>"; };
		771D0C4F150E893C005A707A /* BMLTMapResultsViewController.m */ = {isa = PBXFileReference; fileEncoding = 4; lastKnownFileType = sourcecode.c.objc; path = BMLTMapResultsViewController.m; sourceTree = "<group>"; };
		771D0C54150E893C005A707A /* BMLT_Prefs.h */ = {isa = PBXFileReference; fileEncoding = 4; lastKnownFileType = sourcecode.c.h; path = BMLT_Prefs.h; sourceTree = "<group>"; };
		771D0C55150E893C005A707A /* BMLT_Prefs.m */ = {isa = PBXFileReference; fileEncoding = 4; lastKnownFileType = sourcecode.c.objc; path = BMLT_Prefs.m; sourceTree = "<group>"; };
		771D0C56150E893C005A707A /* BrassCheckBox.h */ = {isa = PBXFileReference; fileEncoding = 4; lastKnownFileType = sourcecode.c.h; path = BrassCheckBox.h; sourceTree = "<group>"; };
		771D0C57150E893C005A707A /* BrassCheckBox.m */ = {isa = PBXFileReference; fileEncoding = 4; lastKnownFileType = sourcecode.c.objc; path = BrassCheckBox.m; sourceTree = "<group>"; };
		771D0C58150E893C005A707A /* Reachability.h */ = {isa = PBXFileReference; fileEncoding = 4; lastKnownFileType = sourcecode.c.h; path = Reachability.h; sourceTree = "<group>"; };
		771D0C59150E893C005A707A /* Reachability.m */ = {isa = PBXFileReference; fileEncoding = 4; lastKnownFileType = sourcecode.c.objc; path = Reachability.m; sourceTree = "<group>"; };
		771D0C5B150E893C005A707A /* A_BMLT_ChildClass.h */ = {isa = PBXFileReference; fileEncoding = 4; lastKnownFileType = sourcecode.c.h; path = A_BMLT_ChildClass.h; sourceTree = "<group>"; };
		771D0C5C150E893C005A707A /* A_BMLT_ChildClass.m */ = {isa = PBXFileReference; fileEncoding = 4; lastKnownFileType = sourcecode.c.objc; path = A_BMLT_ChildClass.m; sourceTree = "<group>"; };
		771D0C5D150E893C005A707A /* A_BMLT_Search.h */ = {isa = PBXFileReference; fileEncoding = 4; lastKnownFileType = sourcecode.c.h; path = A_BMLT_Search.h; sourceTree = "<group>"; };
		771D0C5E150E893C005A707A /* A_BMLT_Search.m */ = {isa = PBXFileReference; fileEncoding = 4; lastKnownFileType = sourcecode.c.objc; path = A_BMLT_Search.m; sourceTree = "<group>"; };
		771D0C5F150E893C005A707A /* A_BMLT_ServiceBodyHierClass.h */ = {isa = PBXFileReference; fileEncoding = 4; lastKnownFileType = sourcecode.c.h; path = A_BMLT_ServiceBodyHierClass.h; sourceTree = "<group>"; };
		771D0C60150E893C005A707A /* A_BMLT_ServiceBodyHierClass.m */ = {isa = PBXFileReference; fileEncoding = 4; lastKnownFileType = sourcecode.c.objc; path = A_BMLT_ServiceBodyHierClass.m; sourceTree = "<group>"; };
		771D0C61150E893C005A707A /* BMLT_Driver.h */ = {isa = PBXFileReference; fileEncoding = 4; lastKnownFileType = sourcecode.c.h; path = BMLT_Driver.h; sourceTree = "<group>"; };
		771D0C62150E893C005A707A /* BMLT_Driver.m */ = {isa = PBXFileReference; fileEncoding = 4; lastKnownFileType = sourcecode.c.objc; path = BMLT_Driver.m; sourceTree = "<group>"; };
		771D0C63150E893C005A707A /* BMLT_Format.h */ = {isa = PBXFileReference; fileEncoding = 4; lastKnownFileType = sourcecode.c.h; path = BMLT_Format.h; sourceTree = "<group>"; };
		771D0C64150E893C005A707A /* BMLT_Format.m */ = {isa = PBXFileReference; fileEncoding = 4; lastKnownFileType = sourcecode.c.objc; path = BMLT_Format.m; sourceTree = "<group>"; };
		771D0C65150E893C005A707A /* BMLT_Location.h */ = {isa = PBXFileReference; fileEncoding = 4; lastKnownFileType = sourcecode.c.h; path = BMLT_Location.h; sourceTree = "<group>"; };
		771D0C66150E893C005A707A /* BMLT_Location.m */ = {isa = PBXFileReference; fileEncoding = 4; lastKnownFileType = sourcecode.c.objc; path = BMLT_Location.m; sourceTree = "<group>"; };
		771D0C67150E893C005A707A /* BMLT_Meeting.h */ = {isa = PBXFileReference; fileEncoding = 4; lastKnownFileType = sourcecode.c.h; path = BMLT_Meeting.h; sourceTree = "<group>"; };
		771D0C68150E893C005A707A /* BMLT_Meeting.m */ = {isa = PBXFileReference; fileEncoding = 4; lastKnownFileType = sourcecode.c.objc; path = BMLT_Meeting.m; sourceTree = "<group>"; };
		771D0C69150E893C005A707A /* BMLT_Meeting_Search.h */ = {isa = PBXFileReference; fileEncoding = 4; lastKnownFileType = sourcecode.c.h; path = BMLT_Meeting_Search.h; sourceTree = "<group>"; };
		771D0C6A150E893C005A707A /* BMLT_Meeting_Search.m */ = {isa = PBXFileReference; fileEncoding = 4; lastKnownFileType = sourcecode.c.objc; path = BMLT_Meeting_Search.m; sourceTree = "<group>"; };
		771D0C6B150E893C005A707A /* BMLT_Model_Protocols.h */ = {isa = PBXFileReference; fileEncoding = 4; lastKnownFileType = sourcecode.c.h; path = BMLT_Model_Protocols.h; sourceTree = "<group>"; };
		771D0C6C150E893C005A707A /* BMLT_Parser.h */ = {isa = PBXFileReference; fileEncoding = 4; lastKnownFileType = sourcecode.c.h; path = BMLT_Parser.h; sourceTree = "<group>"; };
		771D0C6D150E893C005A707A /* BMLT_Parser.m */ = {isa = PBXFileReference; fileEncoding = 4; lastKnownFileType = sourcecode.c.objc; path = BMLT_Parser.m; sourceTree = "<group>"; };
		771D0C6E150E893C005A707A /* BMLT_Server.h */ = {isa = PBXFileReference; fileEncoding = 4; lastKnownFileType = sourcecode.c.h; path = BMLT_Server.h; sourceTree = "<group>"; };
		771D0C6F150E893C005A707A /* BMLT_Server.m */ = {isa = PBXFileReference; fileEncoding = 4; lastKnownFileType = sourcecode.c.objc; path = BMLT_Server.m; sourceTree = "<group>"; };
		771D0C70150E893C005A707A /* BMLT_ServiceBody.h */ = {isa = PBXFileReference; fileEncoding = 4; lastKnownFileType = sourcecode.c.h; path = BMLT_ServiceBody.h; sourceTree = "<group>"; };
		771D0C71150E893C005A707A /* BMLT_ServiceBody.m */ = {isa = PBXFileReference; fileEncoding = 4; lastKnownFileType = sourcecode.c.objc; path = BMLT_ServiceBody.m; sourceTree = "<group>"; };
		771D0C72150E893C005A707A /* SearchDelegate.h */ = {isa = PBXFileReference; fileEncoding = 4; lastKnownFileType = sourcecode.c.h; path = SearchDelegate.h; sourceTree = "<group>"; };
		771D0C74150E893C005A707A /* BMLTAboutViewController.h */ = {isa = PBXFileReference; fileEncoding = 4; lastKnownFileType = sourcecode.c.h; path = BMLTAboutViewController.h; sourceTree = "<group>"; };
		771D0C75150E893C005A707A /* BMLTAboutViewController.m */ = {isa = PBXFileReference; fileEncoding = 4; lastKnownFileType = sourcecode.c.objc; path = BMLTAboutViewController.m; sourceTree = "<group>"; };
		771D0C76150E893C005A707A /* BMLTSettingsViewController.h */ = {isa = PBXFileReference; fileEncoding = 4; lastKnownFileType = sourcecode.c.h; path = BMLTSettingsViewController.h; sourceTree = "<group>"; };
		771D0C77150E893C005A707A /* BMLTSettingsViewController.m */ = {isa = PBXFileReference; fileEncoding = 4; lastKnownFileType = sourcecode.c.objc; path = BMLTSettingsViewController.m; sourceTree = "<group>"; };
		771D0C8F150E8986005A707A /* CoreLocation.framework */ = {isa = PBXFileReference; lastKnownFileType = wrapper.framework; name = CoreLocation.framework; path = System/Library/Frameworks/CoreLocation.framework; sourceTree = SDKROOT; };
		771D0C91150E899B005A707A /* QuartzCore.framework */ = {isa = PBXFileReference; lastKnownFileType = wrapper.framework; name = QuartzCore.framework; path = System/Library/Frameworks/QuartzCore.framework; sourceTree = SDKROOT; };
		771D0C93150E89BC005A707A /* SystemConfiguration.framework */ = {isa = PBXFileReference; lastKnownFileType = wrapper.framework; name = SystemConfiguration.framework; path = System/Library/Frameworks/SystemConfiguration.framework; sourceTree = SDKROOT; };
		771D0CD0150E8B73005A707A /* BMLTListResultsViewController.h */ = {isa = PBXFileReference; fileEncoding = 4; lastKnownFileType = sourcecode.c.h; path = BMLTListResultsViewController.h; sourceTree = "<group>"; };
		771D0CD1150E8B73005A707A /* BMLTListResultsViewController.m */ = {isa = PBXFileReference; fileEncoding = 4; lastKnownFileType = sourcecode.c.objc; path = BMLTListResultsViewController.m; sourceTree = "<group>"; };
		773FF2DC1514C2A200540E30 /* sv */ = {isa = PBXFileReference; lastKnownFileType = text.plist.strings; name = sv; path = sv.lproj/InfoPlist.strings; sourceTree = "<group>"; };
		773FF2E11514C38200540E30 /* en */ = {isa = PBXFileReference; lastKnownFileType = text.plist.strings; name = en; path = en.lproj/Localizable.strings; sourceTree = "<group>"; };
		773FF2E31514C38700540E30 /* sv */ = {isa = PBXFileReference; lastKnownFileType = text.plist.strings; name = sv; path = sv.lproj/Localizable.strings; sourceTree = "<group>"; };
		775E0B441514C3EE00C716D9 /* iPad.storyboard */ = {isa = PBXFileReference; fileEncoding = 4; lastKnownFileType = file.storyboard; path = iPad.storyboard; sourceTree = "<group>"; };
		775E0B451514C3EE00C716D9 /* iPhone.storyboard */ = {isa = PBXFileReference; fileEncoding = 4; lastKnownFileType = file.storyboard; path = iPhone.storyboard; sourceTree = "<group>"; };
		77977D0B150E882B00485C8D /* BMLT-NY.app */ = {isa = PBXFileReference; explicitFileType = wrapper.application; includeInIndex = 0; path = "BMLT-NY.app"; sourceTree = BUILT_PRODUCTS_DIR; };
		77977D0F150E882B00485C8D /* UIKit.framework */ = {isa = PBXFileReference; lastKnownFileType = wrapper.framework; name = UIKit.framework; path = System/Library/Frameworks/UIKit.framework; sourceTree = SDKROOT; };
		77977D11150E882B00485C8D /* Foundation.framework */ = {isa = PBXFileReference; lastKnownFileType = wrapper.framework; name = Foundation.framework; path = System/Library/Frameworks/Foundation.framework; sourceTree = SDKROOT; };
		77977D13150E882B00485C8D /* CoreGraphics.framework */ = {isa = PBXFileReference; lastKnownFileType = wrapper.framework; name = CoreGraphics.framework; path = System/Library/Frameworks/CoreGraphics.framework; sourceTree = SDKROOT; };
		77977D17150E882B00485C8D /* BMLT-Info.plist */ = {isa = PBXFileReference; lastKnownFileType = text.plist.xml; path = "BMLT-Info.plist"; sourceTree = "<group>"; };
		77977D19150E882B00485C8D /* en */ = {isa = PBXFileReference; lastKnownFileType = text.plist.strings; name = en; path = en.lproj/InfoPlist.strings; sourceTree = "<group>"; };
		77A10D46151022C200279AAC /* BMLTSegwayController.h */ = {isa = PBXFileReference; fileEncoding = 4; lastKnownFileType = sourcecode.c.h; path = BMLTSegwayController.h; sourceTree = "<group>"; };
		77A10D47151022C200279AAC /* BMLTSegwayController.m */ = {isa = PBXFileReference; fileEncoding = 4; lastKnownFileType = sourcecode.c.objc; path = BMLTSegwayController.m; sourceTree = "<group>"; };
		77A7FD7715122F9900FD6300 /* BMLTBlueView.h */ = {isa = PBXFileReference; fileEncoding = 4; lastKnownFileType = sourcecode.c.h; path = BMLTBlueView.h; sourceTree = "<group>"; };
		77A7FD7815122F9900FD6300 /* BMLTBlueView.m */ = {isa = PBXFileReference; fileEncoding = 4; lastKnownFileType = sourcecode.c.objc; path = BMLTBlueView.m; sourceTree = "<group>"; };
		77B59D111514BA1B00C07D18 /* en */ = {isa = PBXFileReference; lastKnownFileType = text.plist.strings; name = en; path = en.lproj/MyLocalizable.strings; sourceTree = "<group>"; };
		77B59D141514BA6A00C07D18 /* sv */ = {isa = PBXFileReference; lastKnownFileType = text.plist.strings; name = sv; path = sv.lproj/MyLocalizable.strings; sourceTree = "<group>"; };
		77BC71931512BB6A000BEFC0 /* Animated_BMLT_Logo.h */ = {isa = PBXFileReference; fileEncoding = 4; lastKnownFileType = sourcecode.c.h; path = Animated_BMLT_Logo.h; sourceTree = "<group>"; };
		77BC71941512BB6A000BEFC0 /* Animated_BMLT_Logo.m */ = {isa = PBXFileReference; fileEncoding = 4; lastKnownFileType = sourcecode.c.objc; path = Animated_BMLT_Logo.m; sourceTree = "<group>"; };
		77BC71961512BFA1000BEFC0 /* A_BMLTSearchResultsViewController.h */ = {isa = PBXFileReference; fileEncoding = 4; lastKnownFileType = sourcecode.c.h; path = A_BMLTSearchResultsViewController.h; sourceTree = "<group>"; };
		77BC71971512BFA1000BEFC0 /* A_BMLTSearchResultsViewController.m */ = {isa = PBXFileReference; fileEncoding = 4; lastKnownFileType = sourcecode.c.objc; path = A_BMLTSearchResultsViewController.m; sourceTree = "<group>"; };
		77D90B031514C5340059EF41 /* BMLT-Prefix.pch */ = {isa = PBXFileReference; fileEncoding = 4; lastKnownFileType = sourcecode.c.h; path = "BMLT-Prefix.pch"; sourceTree = "<group>"; };
		77D90B051514C6460059EF41 /* BlueBackgroundPat.gif */ = {isa = PBXFileReference; lastKnownFileType = image.gif; path = BlueBackgroundPat.gif; sourceTree = "<group>"; };
		77D90B071514C6460059EF41 /* BottomLayer.png */ = {isa = PBXFileReference; lastKnownFileType = image.png; path = BottomLayer.png; sourceTree = "<group>"; };
		77D90B091514C6460059EF41 /* Globe_00.png */ = {isa = PBXFileReference; lastKnownFileType = image.png; path = Globe_00.png; sourceTree = "<group>"; };
		77D90B0A1514C6460059EF41 /* Globe_01.png */ = {isa = PBXFileReference; lastKnownFileType = image.png; path = Globe_01.png; sourceTree = "<group>"; };
		77D90B0B1514C6460059EF41 /* Globe_02.png */ = {isa = PBXFileReference; lastKnownFileType = image.png; path = Globe_02.png; sourceTree = "<group>"; };
		77D90B0C1514C6460059EF41 /* Globe_03.png */ = {isa = PBXFileReference; lastKnownFileType = image.png; path = Globe_03.png; sourceTree = "<group>"; };
		77D90B0D1514C6460059EF41 /* Globe_04.png */ = {isa = PBXFileReference; lastKnownFileType = image.png; path = Globe_04.png; sourceTree = "<group>"; };
		77D90B0E1514C6460059EF41 /* Globe_05.png */ = {isa = PBXFileReference; lastKnownFileType = image.png; path = Globe_05.png; sourceTree = "<group>"; };
		77D90B0F1514C6460059EF41 /* Globe_06.png */ = {isa = PBXFileReference; lastKnownFileType = image.png; path = Globe_06.png; sourceTree = "<group>"; };
		77D90B101514C6460059EF41 /* Globe_07.png */ = {isa = PBXFileReference; lastKnownFileType = image.png; path = Globe_07.png; sourceTree = "<group>"; };
		77D90B111514C6460059EF41 /* Globe_08.png */ = {isa = PBXFileReference; lastKnownFileType = image.png; path = Globe_08.png; sourceTree = "<group>"; };
		77D90B121514C6460059EF41 /* Globe_09.png */ = {isa = PBXFileReference; lastKnownFileType = image.png; path = Globe_09.png; sourceTree = "<group>"; };
		77D90B131514C6460059EF41 /* Globe_10.png */ = {isa = PBXFileReference; lastKnownFileType = image.png; path = Globe_10.png; sourceTree = "<group>"; };
		77D90B141514C6460059EF41 /* Globe_11.png */ = {isa = PBXFileReference; lastKnownFileType = image.png; path = Globe_11.png; sourceTree = "<group>"; };
		77D90B151514C6460059EF41 /* Globe_12.png */ = {isa = PBXFileReference; lastKnownFileType = image.png; path = Globe_12.png; sourceTree = "<group>"; };
		77D90B161514C6460059EF41 /* Globe_13.png */ = {isa = PBXFileReference; lastKnownFileType = image.png; path = Globe_13.png; sourceTree = "<group>"; };
		77D90B171514C6460059EF41 /* Globe_14.png */ = {isa = PBXFileReference; lastKnownFileType = image.png; path = Globe_14.png; sourceTree = "<group>"; };
		77D90B181514C6460059EF41 /* Globe_15.png */ = {isa = PBXFileReference; lastKnownFileType = image.png; path = Globe_15.png; sourceTree = "<group>"; };
		77D90B191514C6460059EF41 /* Globe_16.png */ = {isa = PBXFileReference; lastKnownFileType = image.png; path = Globe_16.png; sourceTree = "<group>"; };
		77D90B1A1514C6460059EF41 /* Globe_17.png */ = {isa = PBXFileReference; lastKnownFileType = image.png; path = Globe_17.png; sourceTree = "<group>"; };
		77D90B1B1514C6460059EF41 /* Globe_18.png */ = {isa = PBXFileReference; lastKnownFileType = image.png; path = Globe_18.png; sourceTree = "<group>"; };
		77D90B1C1514C6460059EF41 /* Globe_19.png */ = {isa = PBXFileReference; lastKnownFileType = image.png; path = Globe_19.png; sourceTree = "<group>"; };
		77D90B1D1514C6460059EF41 /* Globe_20.png */ = {isa = PBXFileReference; lastKnownFileType = image.png; path = Globe_20.png; sourceTree = "<group>"; };
		77D90B1E1514C6460059EF41 /* Globe_21.png */ = {isa = PBXFileReference; lastKnownFileType = image.png; path = Globe_21.png; sourceTree = "<group>"; };
		77D90B1F1514C6460059EF41 /* Globe_22.png */ = {isa = PBXFileReference; lastKnownFileType = image.png; path = Globe_22.png; sourceTree = "<group>"; };
		77D90B201514C6460059EF41 /* Globe_23.png */ = {isa = PBXFileReference; lastKnownFileType = image.png; path = Globe_23.png; sourceTree = "<group>"; };
		77D90B211514C6460059EF41 /* Globe_24.png */ = {isa = PBXFileReference; lastKnownFileType = image.png; path = Globe_24.png; sourceTree = "<group>"; };
		77D90B221514C6460059EF41 /* Globe_25.png */ = {isa = PBXFileReference; lastKnownFileType = image.png; path = Globe_25.png; sourceTree = "<group>"; };
		77D90B231514C6460059EF41 /* Globe_26.png */ = {isa = PBXFileReference; lastKnownFileType = image.png; path = Globe_26.png; sourceTree = "<group>"; };
		77D90B241514C6460059EF41 /* Globe_27.png */ = {isa = PBXFileReference; lastKnownFileType = image.png; path = Globe_27.png; sourceTree = "<group>"; };
		77D90B251514C6460059EF41 /* Globe_28.png */ = {isa = PBXFileReference; lastKnownFileType = image.png; path = Globe_28.png; sourceTree = "<group>"; };
		77D90B261514C6460059EF41 /* Globe_29.png */ = {isa = PBXFileReference; lastKnownFileType = image.png; path = Globe_29.png; sourceTree = "<group>"; };
		77D90B271514C6460059EF41 /* Globe_30.png */ = {isa = PBXFileReference; lastKnownFileType = image.png; path = Globe_30.png; sourceTree = "<group>"; };
		77D90B281514C6460059EF41 /* Globe_31.png */ = {isa = PBXFileReference; lastKnownFileType = image.png; path = Globe_31.png; sourceTree = "<group>"; };
		77D90B291514C6460059EF41 /* Globe_32.png */ = {isa = PBXFileReference; lastKnownFileType = image.png; path = Globe_32.png; sourceTree = "<group>"; };
		77D90B2A1514C6460059EF41 /* Globe_33.png */ = {isa = PBXFileReference; lastKnownFileType = image.png; path = Globe_33.png; sourceTree = "<group>"; };
		77D90B2B1514C6460059EF41 /* Globe_34.png */ = {isa = PBXFileReference; lastKnownFileType = image.png; path = Globe_34.png; sourceTree = "<group>"; };
		77D90B2C1514C6460059EF41 /* Globe_35.png */ = {isa = PBXFileReference; lastKnownFileType = image.png; path = Globe_35.png; sourceTree = "<group>"; };
		77D90B2D1514C6460059EF41 /* Globe_36.png */ = {isa = PBXFileReference; lastKnownFileType = image.png; path = Globe_36.png; sourceTree = "<group>"; };
		77D90B2E1514C6460059EF41 /* Globe_37.png */ = {isa = PBXFileReference; lastKnownFileType = image.png; path = Globe_37.png; sourceTree = "<group>"; };
		77D90B2F1514C6460059EF41 /* Globe_38.png */ = {isa = PBXFileReference; lastKnownFileType = image.png; path = Globe_38.png; sourceTree = "<group>"; };
		77D90B301514C6460059EF41 /* Globe_39.png */ = {isa = PBXFileReference; lastKnownFileType = image.png; path = Globe_39.png; sourceTree = "<group>"; };
		77D90B311514C6460059EF41 /* Globe_40.png */ = {isa = PBXFileReference; lastKnownFileType = image.png; path = Globe_40.png; sourceTree = "<group>"; };
		77D90B321514C6460059EF41 /* Globe_41.png */ = {isa = PBXFileReference; lastKnownFileType = image.png; path = Globe_41.png; sourceTree = "<group>"; };
		77D90B331514C6460059EF41 /* Globe_42.png */ = {isa = PBXFileReference; lastKnownFileType = image.png; path = Globe_42.png; sourceTree = "<group>"; };
		77D90B341514C6460059EF41 /* Globe_43.png */ = {isa = PBXFileReference; lastKnownFileType = image.png; path = Globe_43.png; sourceTree = "<group>"; };
		77D90B351514C6460059EF41 /* Globe_44.png */ = {isa = PBXFileReference; lastKnownFileType = image.png; path = Globe_44.png; sourceTree = "<group>"; };
		77D90B361514C6460059EF41 /* Globe_45.png */ = {isa = PBXFileReference; lastKnownFileType = image.png; path = Globe_45.png; sourceTree = "<group>"; };
		77D90B371514C6460059EF41 /* Globe_46.png */ = {isa = PBXFileReference; lastKnownFileType = image.png; path = Globe_46.png; sourceTree = "<group>"; };
		77D90B381514C6460059EF41 /* Globe_47.png */ = {isa = PBXFileReference; lastKnownFileType = image.png; path = Globe_47.png; sourceTree = "<group>"; };
		77D90B391514C6460059EF41 /* Globe_48.png */ = {isa = PBXFileReference; lastKnownFileType = image.png; path = Globe_48.png; sourceTree = "<group>"; };
		77D90B3A1514C6460059EF41 /* Globe_49.png */ = {isa = PBXFileReference; lastKnownFileType = image.png; path = Globe_49.png; sourceTree = "<group>"; };
		77D90B3B1514C6460059EF41 /* Globe_50.png */ = {isa = PBXFileReference; lastKnownFileType = image.png; path = Globe_50.png; sourceTree = "<group>"; };
		77D90B3C1514C6460059EF41 /* Globe_51.png */ = {isa = PBXFileReference; lastKnownFileType = image.png; path = Globe_51.png; sourceTree = "<group>"; };
		77D90B3D1514C6460059EF41 /* Globe_52.png */ = {isa = PBXFileReference; lastKnownFileType = image.png; path = Globe_52.png; sourceTree = "<group>"; };
		77D90B3E1514C6460059EF41 /* Globe_53.png */ = {isa = PBXFileReference; lastKnownFileType = image.png; path = Globe_53.png; sourceTree = "<group>"; };
		77D90B3F1514C6460059EF41 /* Globe_54.png */ = {isa = PBXFileReference; lastKnownFileType = image.png; path = Globe_54.png; sourceTree = "<group>"; };
		77D90B401514C6460059EF41 /* Globe_55.png */ = {isa = PBXFileReference; lastKnownFileType = image.png; path = Globe_55.png; sourceTree = "<group>"; };
		77D90B411514C6460059EF41 /* Globe_56.png */ = {isa = PBXFileReference; lastKnownFileType = image.png; path = Globe_56.png; sourceTree = "<group>"; };
		77D90B421514C6460059EF41 /* Globe_57.png */ = {isa = PBXFileReference; lastKnownFileType = image.png; path = Globe_57.png; sourceTree = "<group>"; };
		77D90B431514C6460059EF41 /* Globe_58.png */ = {isa = PBXFileReference; lastKnownFileType = image.png; path = Globe_58.png; sourceTree = "<group>"; };
		77D90B441514C6460059EF41 /* Globe_59.png */ = {isa = PBXFileReference; lastKnownFileType = image.png; path = Globe_59.png; sourceTree = "<group>"; };
		77D90B451514C6460059EF41 /* TopLayer.png */ = {isa = PBXFileReference; lastKnownFileType = image.png; path = TopLayer.png; sourceTree = "<group>"; };
		77D90B461514C6460059EF41 /* list.png */ = {isa = PBXFileReference; lastKnownFileType = image.png; path = list.png; sourceTree = "<group>"; };
		77D90B471514C6460059EF41 /* list@2x.png */ = {isa = PBXFileReference; lastKnownFileType = image.png; path = "list@2x.png"; sourceTree = "<group>"; };
		77D90B481514C6460059EF41 /* map.png */ = {isa = PBXFileReference; lastKnownFileType = image.png; path = map.png; sourceTree = "<group>"; };
		77D90B491514C6460059EF41 /* map@2x.png */ = {isa = PBXFileReference; lastKnownFileType = image.png; path = "map@2x.png"; sourceTree = "<group>"; };
		77D90B4A1514C6460059EF41 /* search.png */ = {isa = PBXFileReference; lastKnownFileType = image.png; path = search.png; sourceTree = "<group>"; };
		77D90B4B1514C6460059EF41 /* search@2x.png */ = {isa = PBXFileReference; lastKnownFileType = image.png; path = "search@2x.png"; sourceTree = "<group>"; };
		77D90B4C1514C6460059EF41 /* settings.png */ = {isa = PBXFileReference; lastKnownFileType = image.png; path = settings.png; sourceTree = "<group>"; };
		77D90B4D1514C6460059EF41 /* settings@2x.png */ = {isa = PBXFileReference; lastKnownFileType = image.png; path = "settings@2x.png"; sourceTree = "<group>"; };
		77D90B981514C6A60059EF41 /* en */ = {isa = PBXFileReference; lastKnownFileType = text.plist.strings; name = en; path = en.lproj/MyLocalizable.strings; sourceTree = "<group>"; };
		77D90B991514C6A60059EF41 /* sv */ = {isa = PBXFileReference; lastKnownFileType = text.plist.strings; name = sv; path = sv.lproj/MyLocalizable.strings; sourceTree = "<group>"; };
/* End PBXFileReference section */

/* Begin PBXFrameworksBuildPhase section */
		77977D08150E882B00485C8D /* Frameworks */ = {
			isa = PBXFrameworksBuildPhase;
			buildActionMask = 2147483647;
			files = (
				771D0C94150E89BC005A707A /* SystemConfiguration.framework in Frameworks */,
				771D0C92150E899B005A707A /* QuartzCore.framework in Frameworks */,
				771D0C90150E8986005A707A /* CoreLocation.framework in Frameworks */,
				77977D10150E882B00485C8D /* UIKit.framework in Frameworks */,
				77977D12150E882B00485C8D /* Foundation.framework in Frameworks */,
				77977D14150E882B00485C8D /* CoreGraphics.framework in Frameworks */,
			);
			runOnlyForDeploymentPostprocessing = 0;
		};
/* End PBXFrameworksBuildPhase section */

/* Begin PBXGroup section */
		771D0C30150E88E5005A707A /* Main Application */ = {
			isa = PBXGroup;
			children = (
				775E0B441514C3EE00C716D9 /* iPad.storyboard */,
				775E0B451514C3EE00C716D9 /* iPhone.storyboard */,
				771D0C31150E88E5005A707A /* BMLTAppDelegate.h */,
				771D0C32150E88E5005A707A /* BMLTAppDelegate.m */,
				771D0C33150E88E5005A707A /* main.m */,
			);
			path = "Main Application";
			sourceTree = "<group>";
		};
		771D0C3C150E892A005A707A /* Main Search */ = {
			isa = PBXGroup;
			children = (
				77A10D46151022C200279AAC /* BMLTSegwayController.h */,
				77A10D47151022C200279AAC /* BMLTSegwayController.m */,
				7711417015125CD100BCCE00 /* BMLTSimpleSearchViewController.h */,
				7711417115125CD100BCCE00 /* BMLTSimpleSearchViewController.m */,
				771D0C41150E892A005A707A /* BMLTMapSearchViewController.h */,
				771D0C42150E892A005A707A /* BMLTMapSearchViewController.m */,
				771D0C3D150E892A005A707A /* BMLTAdvancedSearchViewController.h */,
				771D0C3E150E892A005A707A /* BMLTAdvancedSearchViewController.m */,
			);
			path = "Main Search";
			sourceTree = "<group>";
		};
		771D0C4D150E893C005A707A /* Map Results */ = {
			isa = PBXGroup;
			children = (
				771D0C4E150E893C005A707A /* BMLTMapResultsViewController.h */,
				771D0C4F150E893C005A707A /* BMLTMapResultsViewController.m */,
			);
			name = "Map Results";
			path = "Map Search";
			sourceTree = "<group>";
		};
		771D0C52150E893C005A707A /* Miscellaneous */ = {
			isa = PBXGroup;
			children = (
				771D0C54150E893C005A707A /* BMLT_Prefs.h */,
				771D0C55150E893C005A707A /* BMLT_Prefs.m */,
				771D0C56150E893C005A707A /* BrassCheckBox.h */,
				771D0C57150E893C005A707A /* BrassCheckBox.m */,
				771D0C58150E893C005A707A /* Reachability.h */,
				771D0C59150E893C005A707A /* Reachability.m */,
				77A7FD7715122F9900FD6300 /* BMLTBlueView.h */,
				77A7FD7815122F9900FD6300 /* BMLTBlueView.m */,
				77BC71961512BFA1000BEFC0 /* A_BMLTSearchResultsViewController.h */,
				77BC71971512BFA1000BEFC0 /* A_BMLTSearchResultsViewController.m */,
				77BC71931512BB6A000BEFC0 /* Animated_BMLT_Logo.h */,
				77BC71941512BB6A000BEFC0 /* Animated_BMLT_Logo.m */,
			);
			path = Miscellaneous;
			sourceTree = "<group>";
		};
		771D0C5A150E893C005A707A /* Model */ = {
			isa = PBXGroup;
			children = (
				771D0C6B150E893C005A707A /* BMLT_Model_Protocols.h */,
				771D0C72150E893C005A707A /* SearchDelegate.h */,
				771D0C5B150E893C005A707A /* A_BMLT_ChildClass.h */,
				771D0C5C150E893C005A707A /* A_BMLT_ChildClass.m */,
				771D0C5D150E893C005A707A /* A_BMLT_Search.h */,
				771D0C5E150E893C005A707A /* A_BMLT_Search.m */,
				771D0C5F150E893C005A707A /* A_BMLT_ServiceBodyHierClass.h */,
				771D0C60150E893C005A707A /* A_BMLT_ServiceBodyHierClass.m */,
				771D0C61150E893C005A707A /* BMLT_Driver.h */,
				771D0C62150E893C005A707A /* BMLT_Driver.m */,
				771D0C63150E893C005A707A /* BMLT_Format.h */,
				771D0C64150E893C005A707A /* BMLT_Format.m */,
				771D0C65150E893C005A707A /* BMLT_Location.h */,
				771D0C66150E893C005A707A /* BMLT_Location.m */,
				771D0C67150E893C005A707A /* BMLT_Meeting.h */,
				771D0C68150E893C005A707A /* BMLT_Meeting.m */,
				771D0C69150E893C005A707A /* BMLT_Meeting_Search.h */,
				771D0C6A150E893C005A707A /* BMLT_Meeting_Search.m */,
				771D0C6C150E893C005A707A /* BMLT_Parser.h */,
				771D0C6D150E893C005A707A /* BMLT_Parser.m */,
				771D0C6E150E893C005A707A /* BMLT_Server.h */,
				771D0C6F150E893C005A707A /* BMLT_Server.m */,
				771D0C70150E893C005A707A /* BMLT_ServiceBody.h */,
				771D0C71150E893C005A707A /* BMLT_ServiceBody.m */,
			);
			path = Model;
			sourceTree = "<group>";
		};
		771D0C73150E893C005A707A /* Settings */ = {
			isa = PBXGroup;
			children = (
				771D0C74150E893C005A707A /* BMLTAboutViewController.h */,
				771D0C75150E893C005A707A /* BMLTAboutViewController.m */,
				771D0C76150E893C005A707A /* BMLTSettingsViewController.h */,
				771D0C77150E893C005A707A /* BMLTSettingsViewController.m */,
			);
			path = Settings;
			sourceTree = "<group>";
		};
		771D0CCF150E8B73005A707A /* List Results */ = {
			isa = PBXGroup;
			children = (
				771D0CD0150E8B73005A707A /* BMLTListResultsViewController.h */,
				771D0CD1150E8B73005A707A /* BMLTListResultsViewController.m */,
			);
			name = "List Results";
			path = "List Search";
			sourceTree = "<group>";
		};
		77977D00150E882B00485C8D = {
			isa = PBXGroup;
			children = (
				77977D15150E882B00485C8D /* BMLT */,
				77D90B951514C6A60059EF41 /* Variants */,
				77977D0E150E882B00485C8D /* Frameworks */,
				77977D0C150E882B00485C8D /* Products */,
			);
			sourceTree = "<group>";
		};
		77977D0C150E882B00485C8D /* Products */ = {
			isa = PBXGroup;
			children = (
				77977D0B150E882B00485C8D /* BMLT-NY.app */,
			);
			name = Products;
			sourceTree = "<group>";
		};
		77977D0E150E882B00485C8D /* Frameworks */ = {
			isa = PBXGroup;
			children = (
				771D0C93150E89BC005A707A /* SystemConfiguration.framework */,
				771D0C91150E899B005A707A /* QuartzCore.framework */,
				771D0C8F150E8986005A707A /* CoreLocation.framework */,
				77977D0F150E882B00485C8D /* UIKit.framework */,
				77977D11150E882B00485C8D /* Foundation.framework */,
				77977D13150E882B00485C8D /* CoreGraphics.framework */,
			);
			name = Frameworks;
			sourceTree = "<group>";
		};
		77977D15150E882B00485C8D /* BMLT */ = {
			isa = PBXGroup;
			children = (
				77977D16150E882B00485C8D /* Project Files */,
				771D0C52150E893C005A707A /* Miscellaneous */,
				771D0C30150E88E5005A707A /* Main Application */,
				771D0C3C150E892A005A707A /* Main Search */,
				771D0CCF150E8B73005A707A /* List Results */,
				771D0C4D150E893C005A707A /* Map Results */,
				771D0C73150E893C005A707A /* Settings */,
				771D0C5A150E893C005A707A /* Model */,
				77D90B041514C6460059EF41 /* images */,
			);
			path = BMLT;
			sourceTree = "<group>";
		};
		77977D16150E882B00485C8D /* Project Files */ = {
			isa = PBXGroup;
			children = (
				77D90B031514C5340059EF41 /* BMLT-Prefix.pch */,
				773FF2E21514C38200540E30 /* Localizable.strings */,
				77B59D121514BA1B00C07D18 /* MyLocalizable.strings */,
				77977D17150E882B00485C8D /* BMLT-Info.plist */,
				77977D18150E882B00485C8D /* InfoPlist.strings */,
			);
			name = "Project Files";
			sourceTree = "<group>";
		};
		77D90B041514C6460059EF41 /* images */ = {
			isa = PBXGroup;
			children = (
				77D90B051514C6460059EF41 /* BlueBackgroundPat.gif */,
				77D90B061514C6460059EF41 /* BMLT_Animated_Logo */,
				77D90B461514C6460059EF41 /* list.png */,
				77D90B471514C6460059EF41 /* list@2x.png */,
				77D90B481514C6460059EF41 /* map.png */,
				77D90B491514C6460059EF41 /* map@2x.png */,
				77D90B4A1514C6460059EF41 /* search.png */,
				77D90B4B1514C6460059EF41 /* search@2x.png */,
				77D90B4C1514C6460059EF41 /* settings.png */,
				77D90B4D1514C6460059EF41 /* settings@2x.png */,
			);
			path = images;
			sourceTree = "<group>";
		};
		77D90B061514C6460059EF41 /* BMLT_Animated_Logo */ = {
			isa = PBXGroup;
			children = (
				77D90B071514C6460059EF41 /* BottomLayer.png */,
				77D90B081514C6460059EF41 /* Spinning_Globe */,
				77D90B451514C6460059EF41 /* TopLayer.png */,
			);
			path = BMLT_Animated_Logo;
			sourceTree = "<group>";
		};
		77D90B081514C6460059EF41 /* Spinning_Globe */ = {
			isa = PBXGroup;
			children = (
				77D90B091514C6460059EF41 /* Globe_00.png */,
				77D90B0A1514C6460059EF41 /* Globe_01.png */,
				77D90B0B1514C6460059EF41 /* Globe_02.png */,
				77D90B0C1514C6460059EF41 /* Globe_03.png */,
				77D90B0D1514C6460059EF41 /* Globe_04.png */,
				77D90B0E1514C6460059EF41 /* Globe_05.png */,
				77D90B0F1514C6460059EF41 /* Globe_06.png */,
				77D90B101514C6460059EF41 /* Globe_07.png */,
				77D90B111514C6460059EF41 /* Globe_08.png */,
				77D90B121514C6460059EF41 /* Globe_09.png */,
				77D90B131514C6460059EF41 /* Globe_10.png */,
				77D90B141514C6460059EF41 /* Globe_11.png */,
				77D90B151514C6460059EF41 /* Globe_12.png */,
				77D90B161514C6460059EF41 /* Globe_13.png */,
				77D90B171514C6460059EF41 /* Globe_14.png */,
				77D90B181514C6460059EF41 /* Globe_15.png */,
				77D90B191514C6460059EF41 /* Globe_16.png */,
				77D90B1A1514C6460059EF41 /* Globe_17.png */,
				77D90B1B1514C6460059EF41 /* Globe_18.png */,
				77D90B1C1514C6460059EF41 /* Globe_19.png */,
				77D90B1D1514C6460059EF41 /* Globe_20.png */,
				77D90B1E1514C6460059EF41 /* Globe_21.png */,
				77D90B1F1514C6460059EF41 /* Globe_22.png */,
				77D90B201514C6460059EF41 /* Globe_23.png */,
				77D90B211514C6460059EF41 /* Globe_24.png */,
				77D90B221514C6460059EF41 /* Globe_25.png */,
				77D90B231514C6460059EF41 /* Globe_26.png */,
				77D90B241514C6460059EF41 /* Globe_27.png */,
				77D90B251514C6460059EF41 /* Globe_28.png */,
				77D90B261514C6460059EF41 /* Globe_29.png */,
				77D90B271514C6460059EF41 /* Globe_30.png */,
				77D90B281514C6460059EF41 /* Globe_31.png */,
				77D90B291514C6460059EF41 /* Globe_32.png */,
				77D90B2A1514C6460059EF41 /* Globe_33.png */,
				77D90B2B1514C6460059EF41 /* Globe_34.png */,
				77D90B2C1514C6460059EF41 /* Globe_35.png */,
				77D90B2D1514C6460059EF41 /* Globe_36.png */,
				77D90B2E1514C6460059EF41 /* Globe_37.png */,
				77D90B2F1514C6460059EF41 /* Globe_38.png */,
				77D90B301514C6460059EF41 /* Globe_39.png */,
				77D90B311514C6460059EF41 /* Globe_40.png */,
				77D90B321514C6460059EF41 /* Globe_41.png */,
				77D90B331514C6460059EF41 /* Globe_42.png */,
				77D90B341514C6460059EF41 /* Globe_43.png */,
				77D90B351514C6460059EF41 /* Globe_44.png */,
				77D90B361514C6460059EF41 /* Globe_45.png */,
				77D90B371514C6460059EF41 /* Globe_46.png */,
				77D90B381514C6460059EF41 /* Globe_47.png */,
				77D90B391514C6460059EF41 /* Globe_48.png */,
				77D90B3A1514C6460059EF41 /* Globe_49.png */,
				77D90B3B1514C6460059EF41 /* Globe_50.png */,
				77D90B3C1514C6460059EF41 /* Globe_51.png */,
				77D90B3D1514C6460059EF41 /* Globe_52.png */,
				77D90B3E1514C6460059EF41 /* Globe_53.png */,
				77D90B3F1514C6460059EF41 /* Globe_54.png */,
				77D90B401514C6460059EF41 /* Globe_55.png */,
				77D90B411514C6460059EF41 /* Globe_56.png */,
				77D90B421514C6460059EF41 /* Globe_57.png */,
				77D90B431514C6460059EF41 /* Globe_58.png */,
				77D90B441514C6460059EF41 /* Globe_59.png */,
			);
			path = Spinning_Globe;
			sourceTree = "<group>";
		};
		77D90B951514C6A60059EF41 /* Variants */ = {
			isa = PBXGroup;
			children = (
				77D90B961514C6A60059EF41 /* BMLT-NY */,
			);
			path = Variants;
			sourceTree = "<group>";
		};
		77D90B961514C6A60059EF41 /* BMLT-NY */ = {
			isa = PBXGroup;
			children = (
				77D90B971514C6A60059EF41 /* MyLocalizable.strings */,
			);
			path = "BMLT-NY";
			sourceTree = "<group>";
		};
/* End PBXGroup section */

/* Begin PBXNativeTarget section */
		77977D0A150E882B00485C8D /* BMLT-NY */ = {
			isa = PBXNativeTarget;
			buildConfigurationList = 77977D37150E882B00485C8D /* Build configuration list for PBXNativeTarget "BMLT-NY" */;
			buildPhases = (
				77977D07150E882B00485C8D /* Sources */,
				77977D08150E882B00485C8D /* Frameworks */,
				77977D09150E882B00485C8D /* Resources */,
			);
			buildRules = (
			);
			dependencies = (
			);
			name = "BMLT-NY";
			productName = BMLT;
			productReference = 77977D0B150E882B00485C8D /* BMLT-NY.app */;
			productType = "com.apple.product-type.application";
		};
/* End PBXNativeTarget section */

/* Begin PBXProject section */
		77977D02150E882B00485C8D /* Project object */ = {
			isa = PBXProject;
			attributes = {
				CLASSPREFIX = BMLT;
				LastUpgradeCheck = 0430;
				ORGANIZATIONNAME = "Nikon Inc.";
			};
			buildConfigurationList = 77977D05150E882B00485C8D /* Build configuration list for PBXProject "BMLT" */;
			compatibilityVersion = "Xcode 3.2";
			developmentRegion = English;
			hasScannedForEncodings = 0;
			knownRegions = (
				en,
				"sv-SE",
				sv,
			);
			mainGroup = 77977D00150E882B00485C8D;
			productRefGroup = 77977D0C150E882B00485C8D /* Products */;
			projectDirPath = "";
			projectRoot = "";
			targets = (
				77977D0A150E882B00485C8D /* BMLT-NY */,
			);
		};
/* End PBXProject section */

/* Begin PBXResourcesBuildPhase section */
		77977D09150E882B00485C8D /* Resources */ = {
			isa = PBXResourcesBuildPhase;
			buildActionMask = 2147483647;
			files = (
				775E0B461514C3EE00C716D9 /* iPad.storyboard in Resources */,
				775E0B471514C3EE00C716D9 /* iPhone.storyboard in Resources */,
				773FF2E01514C38200540E30 /* Localizable.strings in Resources */,
				77D90B4E1514C6460059EF41 /* BlueBackgroundPat.gif in Resources */,
				77D90B4F1514C6460059EF41 /* BottomLayer.png in Resources */,
				77D90B501514C6460059EF41 /* Globe_00.png in Resources */,
				77D90B511514C6460059EF41 /* Globe_01.png in Resources */,
				77D90B521514C6460059EF41 /* Globe_02.png in Resources */,
				77D90B531514C6460059EF41 /* Globe_03.png in Resources */,
				77D90B541514C6460059EF41 /* Globe_04.png in Resources */,
				77D90B551514C6460059EF41 /* Globe_05.png in Resources */,
				77D90B561514C6460059EF41 /* Globe_06.png in Resources */,
				77D90B571514C6460059EF41 /* Globe_07.png in Resources */,
				77D90B581514C6460059EF41 /* Globe_08.png in Resources */,
				77D90B591514C6460059EF41 /* Globe_09.png in Resources */,
				77D90B5A1514C6460059EF41 /* Globe_10.png in Resources */,
				77D90B5B1514C6460059EF41 /* Globe_11.png in Resources */,
				77D90B5C1514C6460059EF41 /* Globe_12.png in Resources */,
				77D90B5D1514C6460059EF41 /* Globe_13.png in Resources */,
				77D90B5E1514C6460059EF41 /* Globe_14.png in Resources */,
				77D90B5F1514C6460059EF41 /* Globe_15.png in Resources */,
				77D90B601514C6460059EF41 /* Globe_16.png in Resources */,
				77D90B611514C6460059EF41 /* Globe_17.png in Resources */,
				77D90B621514C6460059EF41 /* Globe_18.png in Resources */,
				77D90B631514C6460059EF41 /* Globe_19.png in Resources */,
				77D90B641514C6460059EF41 /* Globe_20.png in Resources */,
				77D90B651514C6460059EF41 /* Globe_21.png in Resources */,
				77D90B661514C6460059EF41 /* Globe_22.png in Resources */,
				77D90B671514C6460059EF41 /* Globe_23.png in Resources */,
				77D90B681514C6460059EF41 /* Globe_24.png in Resources */,
				77D90B691514C6460059EF41 /* Globe_25.png in Resources */,
				77D90B6A1514C6460059EF41 /* Globe_26.png in Resources */,
				77D90B6B1514C6460059EF41 /* Globe_27.png in Resources */,
				77D90B6C1514C6460059EF41 /* Globe_28.png in Resources */,
				77D90B6D1514C6460059EF41 /* Globe_29.png in Resources */,
				77D90B6E1514C6460059EF41 /* Globe_30.png in Resources */,
				77D90B6F1514C6460059EF41 /* Globe_31.png in Resources */,
				77D90B701514C6460059EF41 /* Globe_32.png in Resources */,
				77D90B711514C6460059EF41 /* Globe_33.png in Resources */,
				77D90B721514C6460059EF41 /* Globe_34.png in Resources */,
				77D90B731514C6460059EF41 /* Globe_35.png in Resources */,
				77D90B741514C6460059EF41 /* Globe_36.png in Resources */,
				77D90B751514C6460059EF41 /* Globe_37.png in Resources */,
				77D90B761514C6460059EF41 /* Globe_38.png in Resources */,
				77D90B771514C6460059EF41 /* Globe_39.png in Resources */,
				77D90B781514C6460059EF41 /* Globe_40.png in Resources */,
				77D90B791514C6460059EF41 /* Globe_41.png in Resources */,
				77D90B7A1514C6460059EF41 /* Globe_42.png in Resources */,
				77D90B7B1514C6460059EF41 /* Globe_43.png in Resources */,
				77D90B7C1514C6460059EF41 /* Globe_44.png in Resources */,
				77D90B7D1514C6460059EF41 /* Globe_45.png in Resources */,
				77D90B7E1514C6460059EF41 /* Globe_46.png in Resources */,
				77D90B7F1514C6460059EF41 /* Globe_47.png in Resources */,
				77D90B801514C6460059EF41 /* Globe_48.png in Resources */,
				77D90B811514C6460059EF41 /* Globe_49.png in Resources */,
				77D90B821514C6460059EF41 /* Globe_50.png in Resources */,
				77D90B831514C6460059EF41 /* Globe_51.png in Resources */,
				77D90B841514C6460059EF41 /* Globe_52.png in Resources */,
				77D90B851514C6460059EF41 /* Globe_53.png in Resources */,
				77D90B861514C6460059EF41 /* Globe_54.png in Resources */,
				77D90B871514C6460059EF41 /* Globe_55.png in Resources */,
				77D90B881514C6460059EF41 /* Globe_56.png in Resources */,
				77D90B891514C6460059EF41 /* Globe_57.png in Resources */,
				77D90B8A1514C6460059EF41 /* Globe_58.png in Resources */,
				77D90B8B1514C6460059EF41 /* Globe_59.png in Resources */,
				77D90B8C1514C6460059EF41 /* TopLayer.png in Resources */,
				77D90B8D1514C6460059EF41 /* list.png in Resources */,
				77D90B8E1514C6460059EF41 /* list@2x.png in Resources */,
				77D90B8F1514C6460059EF41 /* map.png in Resources */,
				77D90B901514C6460059EF41 /* map@2x.png in Resources */,
				77D90B911514C6460059EF41 /* search.png in Resources */,
				77D90B921514C6460059EF41 /* search@2x.png in Resources */,
				77D90B931514C6460059EF41 /* settings.png in Resources */,
				77D90B941514C6460059EF41 /* settings@2x.png in Resources */,
				77D90B9A1514C6A60059EF41 /* MyLocalizable.strings in Resources */,
			);
			runOnlyForDeploymentPostprocessing = 0;
		};
/* End PBXResourcesBuildPhase section */

/* Begin PBXSourcesBuildPhase section */
		77977D07150E882B00485C8D /* Sources */ = {
			isa = PBXSourcesBuildPhase;
			buildActionMask = 2147483647;
			files = (
				771D0C34150E88E5005A707A /* BMLTAppDelegate.m in Sources */,
				771D0C35150E88E5005A707A /* main.m in Sources */,
				771D0C47150E892A005A707A /* BMLTAdvancedSearchViewController.m in Sources */,
				771D0C49150E892A005A707A /* BMLTMapSearchViewController.m in Sources */,
				771D0C7A150E893C005A707A /* BMLTMapResultsViewController.m in Sources */,
				771D0C7D150E893C005A707A /* BMLT_Prefs.m in Sources */,
				771D0C7E150E893C005A707A /* BrassCheckBox.m in Sources */,
				771D0C7F150E893C005A707A /* Reachability.m in Sources */,
				771D0C80150E893C005A707A /* A_BMLT_ChildClass.m in Sources */,
				771D0C81150E893C005A707A /* A_BMLT_Search.m in Sources */,
				771D0C82150E893C005A707A /* A_BMLT_ServiceBodyHierClass.m in Sources */,
				771D0C83150E893C005A707A /* BMLT_Driver.m in Sources */,
				771D0C84150E893C005A707A /* BMLT_Format.m in Sources */,
				771D0C85150E893C005A707A /* BMLT_Location.m in Sources */,
				771D0C86150E893C005A707A /* BMLT_Meeting.m in Sources */,
				771D0C87150E893C005A707A /* BMLT_Meeting_Search.m in Sources */,
				771D0C88150E893C005A707A /* BMLT_Parser.m in Sources */,
				771D0C89150E893C005A707A /* BMLT_Server.m in Sources */,
				771D0C8A150E893C005A707A /* BMLT_ServiceBody.m in Sources */,
				771D0C8B150E893C005A707A /* BMLTAboutViewController.m in Sources */,
				771D0C8C150E893C005A707A /* BMLTSettingsViewController.m in Sources */,
				771D0CD4150E8B73005A707A /* BMLTListResultsViewController.m in Sources */,
				77A10D48151022C200279AAC /* BMLTSegwayController.m in Sources */,
				77A7FD7915122F9900FD6300 /* BMLTBlueView.m in Sources */,
				7711417215125CD100BCCE00 /* BMLTSimpleSearchViewController.m in Sources */,
				77BC71951512BB6A000BEFC0 /* Animated_BMLT_Logo.m in Sources */,
				77BC71981512BFA1000BEFC0 /* A_BMLTSearchResultsViewController.m in Sources */,
			);
			runOnlyForDeploymentPostprocessing = 0;
		};
/* End PBXSourcesBuildPhase section */

/* Begin PBXVariantGroup section */
		773FF2E21514C38200540E30 /* Localizable.strings */ = {
			isa = PBXVariantGroup;
			children = (
				773FF2E11514C38200540E30 /* en */,
				773FF2E31514C38700540E30 /* sv */,
			);
			name = Localizable.strings;
			sourceTree = "<group>";
		};
		77977D18150E882B00485C8D /* InfoPlist.strings */ = {
			isa = PBXVariantGroup;
			children = (
				77977D19150E882B00485C8D /* en */,
				773FF2DC1514C2A200540E30 /* sv */,
			);
			name = InfoPlist.strings;
			sourceTree = "<group>";
		};
		77B59D121514BA1B00C07D18 /* MyLocalizable.strings */ = {
			isa = PBXVariantGroup;
			children = (
				77B59D111514BA1B00C07D18 /* en */,
				77B59D141514BA6A00C07D18 /* sv */,
			);
			name = MyLocalizable.strings;
			sourceTree = "<group>";
		};
		77D90B971514C6A60059EF41 /* MyLocalizable.strings */ = {
			isa = PBXVariantGroup;
			children = (
				77D90B981514C6A60059EF41 /* en */,
				77D90B991514C6A60059EF41 /* sv */,
			);
			name = MyLocalizable.strings;
			sourceTree = "<group>";
		};
/* End PBXVariantGroup section */

/* Begin XCBuildConfiguration section */
		77977D35150E882B00485C8D /* Debug */ = {
			isa = XCBuildConfiguration;
			buildSettings = {
				ALWAYS_SEARCH_USER_PATHS = NO;
				ARCHS = "$(ARCHS_STANDARD_32_BIT)";
				CLANG_ENABLE_OBJC_ARC = YES;
				"CODE_SIGN_IDENTITY[sdk=iphoneos*]" = "iPhone Developer";
				COPY_PHASE_STRIP = NO;
				GCC_C_LANGUAGE_STANDARD = gnu99;
				GCC_DYNAMIC_NO_PIC = NO;
				GCC_OPTIMIZATION_LEVEL = 0;
				GCC_PREPROCESSOR_DEFINITIONS = (
					"DEBUG=1",
					"$(inherited)",
				);
				GCC_SYMBOLS_PRIVATE_EXTERN = NO;
				GCC_VERSION = com.apple.compilers.llvm.clang.1_0;
				GCC_WARN_ABOUT_RETURN_TYPE = YES;
				GCC_WARN_UNINITIALIZED_AUTOS = YES;
				GCC_WARN_UNUSED_VARIABLE = YES;
				IPHONEOS_DEPLOYMENT_TARGET = 5.1;
				SDKROOT = iphoneos;
				TARGETED_DEVICE_FAMILY = "1,2";
			};
			name = Debug;
		};
		77977D36150E882B00485C8D /* Release */ = {
			isa = XCBuildConfiguration;
			buildSettings = {
				ALWAYS_SEARCH_USER_PATHS = NO;
				ARCHS = "$(ARCHS_STANDARD_32_BIT)";
				CLANG_ENABLE_OBJC_ARC = YES;
				"CODE_SIGN_IDENTITY[sdk=iphoneos*]" = "iPhone Developer";
				COPY_PHASE_STRIP = YES;
				GCC_C_LANGUAGE_STANDARD = gnu99;
				GCC_VERSION = com.apple.compilers.llvm.clang.1_0;
				GCC_WARN_ABOUT_RETURN_TYPE = YES;
				GCC_WARN_UNINITIALIZED_AUTOS = YES;
				GCC_WARN_UNUSED_VARIABLE = YES;
				IPHONEOS_DEPLOYMENT_TARGET = 5.1;
				OTHER_CFLAGS = "-DNS_BLOCK_ASSERTIONS=1";
				SDKROOT = iphoneos;
				TARGETED_DEVICE_FAMILY = "1,2";
				VALIDATE_PRODUCT = YES;
			};
			name = Release;
		};
		77977D38150E882B00485C8D /* Debug */ = {
			isa = XCBuildConfiguration;
			buildSettings = {
				GCC_PRECOMPILE_PREFIX_HEADER = YES;
				GCC_PREFIX_HEADER = "BMLT/BMLT-Prefix.pch";
				INFOPLIST_FILE = "BMLT/Variants/BMLT-NY/Info.plist";
				IPHONEOS_DEPLOYMENT_TARGET = 5.0;
				PRODUCT_NAME = "$(TARGET_NAME)";
				WRAPPER_EXTENSION = app;
			};
			name = Debug;
		};
		77977D39150E882B00485C8D /* Release */ = {
			isa = XCBuildConfiguration;
			buildSettings = {
				GCC_PRECOMPILE_PREFIX_HEADER = YES;
				GCC_PREFIX_HEADER = "BMLT/BMLT-Prefix.pch";
				INFOPLIST_FILE = "BMLT/Variants/BMLT-NY/Info.plist";
				IPHONEOS_DEPLOYMENT_TARGET = 5.0;
				PRODUCT_NAME = "$(TARGET_NAME)";
				WRAPPER_EXTENSION = app;
			};
			name = Release;
		};
/* End XCBuildConfiguration section */

/* Begin XCConfigurationList section */
		77977D05150E882B00485C8D /* Build configuration list for PBXProject "BMLT" */ = {
			isa = XCConfigurationList;
			buildConfigurations = (
				77977D35150E882B00485C8D /* Debug */,
				77977D36150E882B00485C8D /* Release */,
			);
			defaultConfigurationIsVisible = 0;
			defaultConfigurationName = Release;
		};
		77977D37150E882B00485C8D /* Build configuration list for PBXNativeTarget "BMLT-NY" */ = {
			isa = XCConfigurationList;
			buildConfigurations = (
				77977D38150E882B00485C8D /* Debug */,
				77977D39150E882B00485C8D /* Release */,
			);
			defaultConfigurationIsVisible = 0;
			defaultConfigurationName = Release;
		};
/* End XCConfigurationList section */
	};
	rootObject = 77977D02150E882B00485C8D /* Project object */;
}
