// !$*UTF8*$!
{
	archiveVersion = 1;
	classes = {
	};
	objectVersion = 46;
	objects = {

/* Begin PBXBuildFile section */
		771D0C34150E88E5005A707A /* BMLTAppDelegate.m in Sources */ = {isa = PBXBuildFile; fileRef = 771D0C32150E88E5005A707A /* BMLTAppDelegate.m */; };
		771D0C35150E88E5005A707A /* main.m in Sources */ = {isa = PBXBuildFile; fileRef = 771D0C33150E88E5005A707A /* main.m */; };
		771D0C3A150E890E005A707A /* iPad.storyboard in Resources */ = {isa = PBXBuildFile; fileRef = 771D0C36150E890E005A707A /* iPad.storyboard */; };
		771D0C3B150E890E005A707A /* iPhone.storyboard in Resources */ = {isa = PBXBuildFile; fileRef = 771D0C38150E890E005A707A /* iPhone.storyboard */; };
		771D0C47150E892A005A707A /* BMLTAdvancedSearchViewController.m in Sources */ = {isa = PBXBuildFile; fileRef = 771D0C3E150E892A005A707A /* BMLTAdvancedSearchViewController.m */; };
		771D0C49150E892A005A707A /* BMLTMapSearchViewController.m in Sources */ = {isa = PBXBuildFile; fileRef = 771D0C42150E892A005A707A /* BMLTMapSearchViewController.m */; };
		771D0C4A150E892A005A707A /* BMLTSimpleSearchViewController.m in Sources */ = {isa = PBXBuildFile; fileRef = 771D0C44150E892A005A707A /* BMLTSimpleSearchViewController.m */; };
		771D0C4B150E892A005A707A /* search.png in Resources */ = {isa = PBXBuildFile; fileRef = 771D0C45150E892A005A707A /* search.png */; };
		771D0C4C150E892A005A707A /* search@2x.png in Resources */ = {isa = PBXBuildFile; fileRef = 771D0C46150E892A005A707A /* search@2x.png */; };
		771D0C7A150E893C005A707A /* BMLTMapResultsViewController.m in Sources */ = {isa = PBXBuildFile; fileRef = 771D0C4F150E893C005A707A /* BMLTMapResultsViewController.m */; };
		771D0C7B150E893C005A707A /* map.png in Resources */ = {isa = PBXBuildFile; fileRef = 771D0C50150E893C005A707A /* map.png */; };
		771D0C7C150E893C005A707A /* map@2x.png in Resources */ = {isa = PBXBuildFile; fileRef = 771D0C51150E893C005A707A /* map@2x.png */; };
		771D0C7D150E893C005A707A /* BMLT_Prefs.m in Sources */ = {isa = PBXBuildFile; fileRef = 771D0C55150E893C005A707A /* BMLT_Prefs.m */; };
		771D0C7E150E893C005A707A /* BrassCheckBox.m in Sources */ = {isa = PBXBuildFile; fileRef = 771D0C57150E893C005A707A /* BrassCheckBox.m */; };
		771D0C7F150E893C005A707A /* Reachability.m in Sources */ = {isa = PBXBuildFile; fileRef = 771D0C59150E893C005A707A /* Reachability.m */; };
		771D0C80150E893C005A707A /* A_BMLT_ChildClass.m in Sources */ = {isa = PBXBuildFile; fileRef = 771D0C5C150E893C005A707A /* A_BMLT_ChildClass.m */; };
		771D0C81150E893C005A707A /* A_BMLT_Search.m in Sources */ = {isa = PBXBuildFile; fileRef = 771D0C5E150E893C005A707A /* A_BMLT_Search.m */; };
		771D0C82150E893C005A707A /* A_BMLT_ServiceBodyHierClass.m in Sources */ = {isa = PBXBuildFile; fileRef = 771D0C60150E893C005A707A /* A_BMLT_ServiceBodyHierClass.m */; };
		771D0C83150E893C005A707A /* BMLT_Driver.m in Sources */ = {isa = PBXBuildFile; fileRef = 771D0C62150E893C005A707A /* BMLT_Driver.m */; };
		771D0C84150E893C005A707A /* BMLT_Format.m in Sources */ = {isa = PBXBuildFile; fileRef = 771D0C64150E893C005A707A /* BMLT_Format.m */; };
		771D0C85150E893C005A707A /* BMLT_Location.m in Sources */ = {isa = PBXBuildFile; fileRef = 771D0C66150E893C005A707A /* BMLT_Location.m */; };
		771D0C86150E893C005A707A /* BMLT_Meeting.m in Sources */ = {isa = PBXBuildFile; fileRef = 771D0C68150E893C005A707A /* BMLT_Meeting.m */; };
		771D0C87150E893C005A707A /* BMLT_Meeting_Search.m in Sources */ = {isa = PBXBuildFile; fileRef = 771D0C6A150E893C005A707A /* BMLT_Meeting_Search.m */; };
		771D0C88150E893C005A707A /* BMLT_Parser.m in Sources */ = {isa = PBXBuildFile; fileRef = 771D0C6D150E893C005A707A /* BMLT_Parser.m */; };
		771D0C89150E893C005A707A /* BMLT_Server.m in Sources */ = {isa = PBXBuildFile; fileRef = 771D0C6F150E893C005A707A /* BMLT_Server.m */; };
		771D0C8A150E893C005A707A /* BMLT_ServiceBody.m in Sources */ = {isa = PBXBuildFile; fileRef = 771D0C71150E893C005A707A /* BMLT_ServiceBody.m */; };
		771D0C8B150E893C005A707A /* BMLTAboutViewController.m in Sources */ = {isa = PBXBuildFile; fileRef = 771D0C75150E893C005A707A /* BMLTAboutViewController.m */; };
		771D0C8C150E893C005A707A /* BMLTSettingsViewController.m in Sources */ = {isa = PBXBuildFile; fileRef = 771D0C77150E893C005A707A /* BMLTSettingsViewController.m */; };
		771D0C8D150E893C005A707A /* settings.png in Resources */ = {isa = PBXBuildFile; fileRef = 771D0C78150E893C005A707A /* settings.png */; };
		771D0C8E150E893C005A707A /* settings@2x.png in Resources */ = {isa = PBXBuildFile; fileRef = 771D0C79150E893C005A707A /* settings@2x.png */; };
		771D0C90150E8986005A707A /* CoreLocation.framework in Frameworks */ = {isa = PBXBuildFile; fileRef = 771D0C8F150E8986005A707A /* CoreLocation.framework */; };
		771D0C92150E899B005A707A /* QuartzCore.framework in Frameworks */ = {isa = PBXBuildFile; fileRef = 771D0C91150E899B005A707A /* QuartzCore.framework */; };
		771D0C94150E89BC005A707A /* SystemConfiguration.framework in Frameworks */ = {isa = PBXBuildFile; fileRef = 771D0C93150E89BC005A707A /* SystemConfiguration.framework */; };
		771D0CD4150E8B73005A707A /* BMLTListResultsViewController.m in Sources */ = {isa = PBXBuildFile; fileRef = 771D0CD1150E8B73005A707A /* BMLTListResultsViewController.m */; };
		771D0CD5150E8B73005A707A /* list.png in Resources */ = {isa = PBXBuildFile; fileRef = 771D0CD2150E8B73005A707A /* list.png */; };
		771D0CD6150E8B73005A707A /* list@2x.png in Resources */ = {isa = PBXBuildFile; fileRef = 771D0CD3150E8B73005A707A /* list@2x.png */; };
		77977D10150E882B00485C8D /* UIKit.framework in Frameworks */ = {isa = PBXBuildFile; fileRef = 77977D0F150E882B00485C8D /* UIKit.framework */; };
		77977D12150E882B00485C8D /* Foundation.framework in Frameworks */ = {isa = PBXBuildFile; fileRef = 77977D11150E882B00485C8D /* Foundation.framework */; };
		77977D14150E882B00485C8D /* CoreGraphics.framework in Frameworks */ = {isa = PBXBuildFile; fileRef = 77977D13150E882B00485C8D /* CoreGraphics.framework */; };
		77977D1A150E882B00485C8D /* InfoPlist.strings in Resources */ = {isa = PBXBuildFile; fileRef = 77977D18150E882B00485C8D /* InfoPlist.strings */; };
		77A10D48151022C200279AAC /* BMLTSegwayController.m in Sources */ = {isa = PBXBuildFile; fileRef = 77A10D47151022C200279AAC /* BMLTSegwayController.m */; };
/* End PBXBuildFile section */

/* Begin PBXFileReference section */
		771D0C31150E88E5005A707A /* BMLTAppDelegate.h */ = {isa = PBXFileReference; fileEncoding = 4; lastKnownFileType = sourcecode.c.h; path = BMLTAppDelegate.h; sourceTree = "<group>"; };
		771D0C32150E88E5005A707A /* BMLTAppDelegate.m */ = {isa = PBXFileReference; fileEncoding = 4; lastKnownFileType = sourcecode.c.objc; path = BMLTAppDelegate.m; sourceTree = "<group>"; };
		771D0C33150E88E5005A707A /* main.m */ = {isa = PBXFileReference; fileEncoding = 4; lastKnownFileType = sourcecode.c.objc; path = main.m; sourceTree = "<group>"; };
		771D0C37150E890E005A707A /* en */ = {isa = PBXFileReference; lastKnownFileType = file.storyboard; name = en; path = en.lproj/iPad.storyboard; sourceTree = "<group>"; };
		771D0C39150E890E005A707A /* en */ = {isa = PBXFileReference; lastKnownFileType = file.storyboard; name = en; path = en.lproj/iPhone.storyboard; sourceTree = "<group>"; };
		771D0C3D150E892A005A707A /* BMLTAdvancedSearchViewController.h */ = {isa = PBXFileReference; fileEncoding = 4; lastKnownFileType = sourcecode.c.h; path = BMLTAdvancedSearchViewController.h; sourceTree = "<group>"; };
		771D0C3E150E892A005A707A /* BMLTAdvancedSearchViewController.m */ = {isa = PBXFileReference; fileEncoding = 4; lastKnownFileType = sourcecode.c.objc; path = BMLTAdvancedSearchViewController.m; sourceTree = "<group>"; };
		771D0C41150E892A005A707A /* BMLTMapSearchViewController.h */ = {isa = PBXFileReference; fileEncoding = 4; lastKnownFileType = sourcecode.c.h; path = BMLTMapSearchViewController.h; sourceTree = "<group>"; };
		771D0C42150E892A005A707A /* BMLTMapSearchViewController.m */ = {isa = PBXFileReference; fileEncoding = 4; lastKnownFileType = sourcecode.c.objc; path = BMLTMapSearchViewController.m; sourceTree = "<group>"; };
		771D0C43150E892A005A707A /* BMLTSimpleSearchViewController.h */ = {isa = PBXFileReference; fileEncoding = 4; lastKnownFileType = sourcecode.c.h; path = BMLTSimpleSearchViewController.h; sourceTree = "<group>"; };
		771D0C44150E892A005A707A /* BMLTSimpleSearchViewController.m */ = {isa = PBXFileReference; fileEncoding = 4; lastKnownFileType = sourcecode.c.objc; path = BMLTSimpleSearchViewController.m; sourceTree = "<group>"; };
		771D0C45150E892A005A707A /* search.png */ = {isa = PBXFileReference; lastKnownFileType = image.png; path = search.png; sourceTree = "<group>"; };
		771D0C46150E892A005A707A /* search@2x.png */ = {isa = PBXFileReference; lastKnownFileType = image.png; path = "search@2x.png"; sourceTree = "<group>"; };
		771D0C4E150E893C005A707A /* BMLTMapResultsViewController.h */ = {isa = PBXFileReference; fileEncoding = 4; lastKnownFileType = sourcecode.c.h; path = BMLTMapResultsViewController.h; sourceTree = "<group>"; };
		771D0C4F150E893C005A707A /* BMLTMapResultsViewController.m */ = {isa = PBXFileReference; fileEncoding = 4; lastKnownFileType = sourcecode.c.objc; path = BMLTMapResultsViewController.m; sourceTree = "<group>"; };
		771D0C50150E893C005A707A /* map.png */ = {isa = PBXFileReference; lastKnownFileType = image.png; path = map.png; sourceTree = "<group>"; };
		771D0C51150E893C005A707A /* map@2x.png */ = {isa = PBXFileReference; lastKnownFileType = image.png; path = "map@2x.png"; sourceTree = "<group>"; };
		771D0C53150E893C005A707A /* BMLT-Prefix.pch */ = {isa = PBXFileReference; fileEncoding = 4; lastKnownFileType = sourcecode.c.h; path = "BMLT-Prefix.pch"; sourceTree = "<group>"; };
		771D0C54150E893C005A707A /* BMLT_Prefs.h */ = {isa = PBXFileReference; fileEncoding = 4; lastKnownFileType = sourcecode.c.h; path = BMLT_Prefs.h; sourceTree = "<group>"; };
		771D0C55150E893C005A707A /* BMLT_Prefs.m */ = {isa = PBXFileReference; fileEncoding = 4; lastKnownFileType = sourcecode.c.objc; path = BMLT_Prefs.m; sourceTree = "<group>"; };
		771D0C56150E893C005A707A /* BrassCheckBox.h */ = {isa = PBXFileReference; fileEncoding = 4; lastKnownFileType = sourcecode.c.h; path = BrassCheckBox.h; sourceTree = "<group>"; };
		771D0C57150E893C005A707A /* BrassCheckBox.m */ = {isa = PBXFileReference; fileEncoding = 4; lastKnownFileType = sourcecode.c.objc; path = BrassCheckBox.m; sourceTree = "<group>"; };
		771D0C58150E893C005A707A /* Reachability.h */ = {isa = PBXFileReference; fileEncoding = 4; lastKnownFileType = sourcecode.c.h; path = Reachability.h; sourceTree = "<group>"; };
		771D0C59150E893C005A707A /* Reachability.m */ = {isa = PBXFileReference; fileEncoding = 4; lastKnownFileType = sourcecode.c.objc; path = Reachability.m; sourceTree = "<group>"; };
		771D0C5B150E893C005A707A /* A_BMLT_ChildClass.h */ = {isa = PBXFileReference; fileEncoding = 4; lastKnownFileType = sourcecode.c.h; path = A_BMLT_ChildClass.h; sourceTree = "<group>"; };
		771D0C5C150E893C005A707A /* A_BMLT_ChildClass.m */ = {isa = PBXFileReference; fileEncoding = 4; lastKnownFileType = sourcecode.c.objc; path = A_BMLT_ChildClass.m; sourceTree = "<group>"; };
		771D0C5D150E893C005A707A /* A_BMLT_Search.h */ = {isa = PBXFileReference; fileEncoding = 4; lastKnownFileType = sourcecode.c.h; path = A_BMLT_Search.h; sourceTree = "<group>"; };
		771D0C5E150E893C005A707A /* A_BMLT_Search.m */ = {isa = PBXFileReference; fileEncoding = 4; lastKnownFileType = sourcecode.c.objc; path = A_BMLT_Search.m; sourceTree = "<group>"; };
		771D0C5F150E893C005A707A /* A_BMLT_ServiceBodyHierClass.h */ = {isa = PBXFileReference; fileEncoding = 4; lastKnownFileType = sourcecode.c.h; path = A_BMLT_ServiceBodyHierClass.h; sourceTree = "<group>"; };
		771D0C60150E893C005A707A /* A_BMLT_ServiceBodyHierClass.m */ = {isa = PBXFileReference; fileEncoding = 4; lastKnownFileType = sourcecode.c.objc; path = A_BMLT_ServiceBodyHierClass.m; sourceTree = "<group>"; };
		771D0C61150E893C005A707A /* BMLT_Driver.h */ = {isa = PBXFileReference; fileEncoding = 4; lastKnownFileType = sourcecode.c.h; path = BMLT_Driver.h; sourceTree = "<group>"; };
		771D0C62150E893C005A707A /* BMLT_Driver.m */ = {isa = PBXFileReference; fileEncoding = 4; lastKnownFileType = sourcecode.c.objc; path = BMLT_Driver.m; sourceTree = "<group>"; };
		771D0C63150E893C005A707A /* BMLT_Format.h */ = {isa = PBXFileReference; fileEncoding = 4; lastKnownFileType = sourcecode.c.h; path = BMLT_Format.h; sourceTree = "<group>"; };
		771D0C64150E893C005A707A /* BMLT_Format.m */ = {isa = PBXFileReference; fileEncoding = 4; lastKnownFileType = sourcecode.c.objc; path = BMLT_Format.m; sourceTree = "<group>"; };
		771D0C65150E893C005A707A /* BMLT_Location.h */ = {isa = PBXFileReference; fileEncoding = 4; lastKnownFileType = sourcecode.c.h; path = BMLT_Location.h; sourceTree = "<group>"; };
		771D0C66150E893C005A707A /* BMLT_Location.m */ = {isa = PBXFileReference; fileEncoding = 4; lastKnownFileType = sourcecode.c.objc; path = BMLT_Location.m; sourceTree = "<group>"; };
		771D0C67150E893C005A707A /* BMLT_Meeting.h */ = {isa = PBXFileReference; fileEncoding = 4; lastKnownFileType = sourcecode.c.h; path = BMLT_Meeting.h; sourceTree = "<group>"; };
		771D0C68150E893C005A707A /* BMLT_Meeting.m */ = {isa = PBXFileReference; fileEncoding = 4; lastKnownFileType = sourcecode.c.objc; path = BMLT_Meeting.m; sourceTree = "<group>"; };
		771D0C69150E893C005A707A /* BMLT_Meeting_Search.h */ = {isa = PBXFileReference; fileEncoding = 4; lastKnownFileType = sourcecode.c.h; path = BMLT_Meeting_Search.h; sourceTree = "<group>"; };
		771D0C6A150E893C005A707A /* BMLT_Meeting_Search.m */ = {isa = PBXFileReference; fileEncoding = 4; lastKnownFileType = sourcecode.c.objc; path = BMLT_Meeting_Search.m; sourceTree = "<group>"; };
		771D0C6B150E893C005A707A /* BMLT_Model_Protocols.h */ = {isa = PBXFileReference; fileEncoding = 4; lastKnownFileType = sourcecode.c.h; path = BMLT_Model_Protocols.h; sourceTree = "<group>"; };
		771D0C6C150E893C005A707A /* BMLT_Parser.h */ = {isa = PBXFileReference; fileEncoding = 4; lastKnownFileType = sourcecode.c.h; path = BMLT_Parser.h; sourceTree = "<group>"; };
		771D0C6D150E893C005A707A /* BMLT_Parser.m */ = {isa = PBXFileReference; fileEncoding = 4; lastKnownFileType = sourcecode.c.objc; path = BMLT_Parser.m; sourceTree = "<group>"; };
		771D0C6E150E893C005A707A /* BMLT_Server.h */ = {isa = PBXFileReference; fileEncoding = 4; lastKnownFileType = sourcecode.c.h; path = BMLT_Server.h; sourceTree = "<group>"; };
		771D0C6F150E893C005A707A /* BMLT_Server.m */ = {isa = PBXFileReference; fileEncoding = 4; lastKnownFileType = sourcecode.c.objc; path = BMLT_Server.m; sourceTree = "<group>"; };
		771D0C70150E893C005A707A /* BMLT_ServiceBody.h */ = {isa = PBXFileReference; fileEncoding = 4; lastKnownFileType = sourcecode.c.h; path = BMLT_ServiceBody.h; sourceTree = "<group>"; };
		771D0C71150E893C005A707A /* BMLT_ServiceBody.m */ = {isa = PBXFileReference; fileEncoding = 4; lastKnownFileType = sourcecode.c.objc; path = BMLT_ServiceBody.m; sourceTree = "<group>"; };
		771D0C72150E893C005A707A /* SearchDelegate.h */ = {isa = PBXFileReference; fileEncoding = 4; lastKnownFileType = sourcecode.c.h; path = SearchDelegate.h; sourceTree = "<group>"; };
		771D0C74150E893C005A707A /* BMLTAboutViewController.h */ = {isa = PBXFileReference; fileEncoding = 4; lastKnownFileType = sourcecode.c.h; path = BMLTAboutViewController.h; sourceTree = "<group>"; };
		771D0C75150E893C005A707A /* BMLTAboutViewController.m */ = {isa = PBXFileReference; fileEncoding = 4; lastKnownFileType = sourcecode.c.objc; path = BMLTAboutViewController.m; sourceTree = "<group>"; };
		771D0C76150E893C005A707A /* BMLTSettingsViewController.h */ = {isa = PBXFileReference; fileEncoding = 4; lastKnownFileType = sourcecode.c.h; path = BMLTSettingsViewController.h; sourceTree = "<group>"; };
		771D0C77150E893C005A707A /* BMLTSettingsViewController.m */ = {isa = PBXFileReference; fileEncoding = 4; lastKnownFileType = sourcecode.c.objc; path = BMLTSettingsViewController.m; sourceTree = "<group>"; };
		771D0C78150E893C005A707A /* settings.png */ = {isa = PBXFileReference; lastKnownFileType = image.png; path = settings.png; sourceTree = "<group>"; };
		771D0C79150E893C005A707A /* settings@2x.png */ = {isa = PBXFileReference; lastKnownFileType = image.png; path = "settings@2x.png"; sourceTree = "<group>"; };
		771D0C8F150E8986005A707A /* CoreLocation.framework */ = {isa = PBXFileReference; lastKnownFileType = wrapper.framework; name = CoreLocation.framework; path = System/Library/Frameworks/CoreLocation.framework; sourceTree = SDKROOT; };
		771D0C91150E899B005A707A /* QuartzCore.framework */ = {isa = PBXFileReference; lastKnownFileType = wrapper.framework; name = QuartzCore.framework; path = System/Library/Frameworks/QuartzCore.framework; sourceTree = SDKROOT; };
		771D0C93150E89BC005A707A /* SystemConfiguration.framework */ = {isa = PBXFileReference; lastKnownFileType = wrapper.framework; name = SystemConfiguration.framework; path = System/Library/Frameworks/SystemConfiguration.framework; sourceTree = SDKROOT; };
		771D0CD0150E8B73005A707A /* BMLTListResultsViewController.h */ = {isa = PBXFileReference; fileEncoding = 4; lastKnownFileType = sourcecode.c.h; path = BMLTListResultsViewController.h; sourceTree = "<group>"; };
		771D0CD1150E8B73005A707A /* BMLTListResultsViewController.m */ = {isa = PBXFileReference; fileEncoding = 4; lastKnownFileType = sourcecode.c.objc; path = BMLTListResultsViewController.m; sourceTree = "<group>"; };
		771D0CD2150E8B73005A707A /* list.png */ = {isa = PBXFileReference; lastKnownFileType = image.png; path = list.png; sourceTree = "<group>"; };
		771D0CD3150E8B73005A707A /* list@2x.png */ = {isa = PBXFileReference; lastKnownFileType = image.png; path = "list@2x.png"; sourceTree = "<group>"; };
		77977D0B150E882B00485C8D /* BMLT-NY.app */ = {isa = PBXFileReference; explicitFileType = wrapper.application; includeInIndex = 0; path = "BMLT-NY.app"; sourceTree = BUILT_PRODUCTS_DIR; };
		77977D0F150E882B00485C8D /* UIKit.framework */ = {isa = PBXFileReference; lastKnownFileType = wrapper.framework; name = UIKit.framework; path = System/Library/Frameworks/UIKit.framework; sourceTree = SDKROOT; };
		77977D11150E882B00485C8D /* Foundation.framework */ = {isa = PBXFileReference; lastKnownFileType = wrapper.framework; name = Foundation.framework; path = System/Library/Frameworks/Foundation.framework; sourceTree = SDKROOT; };
		77977D13150E882B00485C8D /* CoreGraphics.framework */ = {isa = PBXFileReference; lastKnownFileType = wrapper.framework; name = CoreGraphics.framework; path = System/Library/Frameworks/CoreGraphics.framework; sourceTree = SDKROOT; };
		77977D17150E882B00485C8D /* BMLT-Info.plist */ = {isa = PBXFileReference; lastKnownFileType = text.plist.xml; path = "BMLT-Info.plist"; sourceTree = "<group>"; };
		77977D19150E882B00485C8D /* en */ = {isa = PBXFileReference; lastKnownFileType = text.plist.strings; name = en; path = en.lproj/InfoPlist.strings; sourceTree = "<group>"; };
		77977D1D150E882B00485C8D /* BMLT-Prefix.pch */ = {isa = PBXFileReference; lastKnownFileType = sourcecode.c.h; path = "BMLT-Prefix.pch"; sourceTree = "<group>"; };
		77A10D46151022C200279AAC /* BMLTSegwayController.h */ = {isa = PBXFileReference; fileEncoding = 4; lastKnownFileType = sourcecode.c.h; path = BMLTSegwayController.h; sourceTree = "<group>"; };
		77A10D47151022C200279AAC /* BMLTSegwayController.m */ = {isa = PBXFileReference; fileEncoding = 4; lastKnownFileType = sourcecode.c.objc; path = BMLTSegwayController.m; sourceTree = "<group>"; };
/* End PBXFileReference section */

/* Begin PBXFrameworksBuildPhase section */
		77977D08150E882B00485C8D /* Frameworks */ = {
			isa = PBXFrameworksBuildPhase;
			buildActionMask = 2147483647;
			files = (
				771D0C94150E89BC005A707A /* SystemConfiguration.framework in Frameworks */,
				771D0C92150E899B005A707A /* QuartzCore.framework in Frameworks */,
				771D0C90150E8986005A707A /* CoreLocation.framework in Frameworks */,
				77977D10150E882B00485C8D /* UIKit.framework in Frameworks */,
				77977D12150E882B00485C8D /* Foundation.framework in Frameworks */,
				77977D14150E882B00485C8D /* CoreGraphics.framework in Frameworks */,
			);
			runOnlyForDeploymentPostprocessing = 0;
		};
/* End PBXFrameworksBuildPhase section */

/* Begin PBXGroup section */
		771D0C30150E88E5005A707A /* Main Application */ = {
			isa = PBXGroup;
			children = (
				771D0C38150E890E005A707A /* iPhone.storyboard */,
				771D0C36150E890E005A707A /* iPad.storyboard */,
				771D0C31150E88E5005A707A /* BMLTAppDelegate.h */,
				771D0C32150E88E5005A707A /* BMLTAppDelegate.m */,
				771D0C33150E88E5005A707A /* main.m */,
			);
			path = "Main Application";
			sourceTree = "<group>";
		};
		771D0C3C150E892A005A707A /* Main Search */ = {
			isa = PBXGroup;
			children = (
				77A10D46151022C200279AAC /* BMLTSegwayController.h */,
				77A10D47151022C200279AAC /* BMLTSegwayController.m */,
				771D0C43150E892A005A707A /* BMLTSimpleSearchViewController.h */,
				771D0C44150E892A005A707A /* BMLTSimpleSearchViewController.m */,
				771D0C41150E892A005A707A /* BMLTMapSearchViewController.h */,
				771D0C42150E892A005A707A /* BMLTMapSearchViewController.m */,
				771D0C3D150E892A005A707A /* BMLTAdvancedSearchViewController.h */,
				771D0C3E150E892A005A707A /* BMLTAdvancedSearchViewController.m */,
				771D0C45150E892A005A707A /* search.png */,
				771D0C46150E892A005A707A /* search@2x.png */,
			);
			path = "Main Search";
			sourceTree = "<group>";
		};
		771D0C4D150E893C005A707A /* Map Results */ = {
			isa = PBXGroup;
			children = (
				771D0C4E150E893C005A707A /* BMLTMapResultsViewController.h */,
				771D0C4F150E893C005A707A /* BMLTMapResultsViewController.m */,
				771D0C50150E893C005A707A /* map.png */,
				771D0C51150E893C005A707A /* map@2x.png */,
			);
			name = "Map Results";
			path = "Map Search";
			sourceTree = "<group>";
		};
		771D0C52150E893C005A707A /* Miscellaneous */ = {
			isa = PBXGroup;
			children = (
				771D0C53150E893C005A707A /* BMLT-Prefix.pch */,
				771D0C54150E893C005A707A /* BMLT_Prefs.h */,
				771D0C55150E893C005A707A /* BMLT_Prefs.m */,
				771D0C56150E893C005A707A /* BrassCheckBox.h */,
				771D0C57150E893C005A707A /* BrassCheckBox.m */,
				771D0C58150E893C005A707A /* Reachability.h */,
				771D0C59150E893C005A707A /* Reachability.m */,
			);
			path = Miscellaneous;
			sourceTree = "<group>";
		};
		771D0C5A150E893C005A707A /* Model */ = {
			isa = PBXGroup;
			children = (
				771D0C5B150E893C005A707A /* A_BMLT_ChildClass.h */,
				771D0C5C150E893C005A707A /* A_BMLT_ChildClass.m */,
				771D0C5D150E893C005A707A /* A_BMLT_Search.h */,
				771D0C5E150E893C005A707A /* A_BMLT_Search.m */,
				771D0C5F150E893C005A707A /* A_BMLT_ServiceBodyHierClass.h */,
				771D0C60150E893C005A707A /* A_BMLT_ServiceBodyHierClass.m */,
				771D0C61150E893C005A707A /* BMLT_Driver.h */,
				771D0C62150E893C005A707A /* BMLT_Driver.m */,
				771D0C63150E893C005A707A /* BMLT_Format.h */,
				771D0C64150E893C005A707A /* BMLT_Format.m */,
				771D0C65150E893C005A707A /* BMLT_Location.h */,
				771D0C66150E893C005A707A /* BMLT_Location.m */,
				771D0C67150E893C005A707A /* BMLT_Meeting.h */,
				771D0C68150E893C005A707A /* BMLT_Meeting.m */,
				771D0C69150E893C005A707A /* BMLT_Meeting_Search.h */,
				771D0C6A150E893C005A707A /* BMLT_Meeting_Search.m */,
				771D0C6B150E893C005A707A /* BMLT_Model_Protocols.h */,
				771D0C6C150E893C005A707A /* BMLT_Parser.h */,
				771D0C6D150E893C005A707A /* BMLT_Parser.m */,
				771D0C6E150E893C005A707A /* BMLT_Server.h */,
				771D0C6F150E893C005A707A /* BMLT_Server.m */,
				771D0C70150E893C005A707A /* BMLT_ServiceBody.h */,
				771D0C71150E893C005A707A /* BMLT_ServiceBody.m */,
				771D0C72150E893C005A707A /* SearchDelegate.h */,
			);
			path = Model;
			sourceTree = "<group>";
		};
		771D0C73150E893C005A707A /* Settings */ = {
			isa = PBXGroup;
			children = (
				771D0C74150E893C005A707A /* BMLTAboutViewController.h */,
				771D0C75150E893C005A707A /* BMLTAboutViewController.m */,
				771D0C76150E893C005A707A /* BMLTSettingsViewController.h */,
				771D0C77150E893C005A707A /* BMLTSettingsViewController.m */,
				771D0C78150E893C005A707A /* settings.png */,
				771D0C79150E893C005A707A /* settings@2x.png */,
			);
			path = Settings;
			sourceTree = "<group>";
		};
		771D0CCF150E8B73005A707A /* List Results */ = {
			isa = PBXGroup;
			children = (
				771D0CD0150E8B73005A707A /* BMLTListResultsViewController.h */,
				771D0CD1150E8B73005A707A /* BMLTListResultsViewController.m */,
				771D0CD2150E8B73005A707A /* list.png */,
				771D0CD3150E8B73005A707A /* list@2x.png */,
			);
			name = "List Results";
			path = "List Search";
			sourceTree = "<group>";
		};
		77977D00150E882B00485C8D = {
			isa = PBXGroup;
			children = (
				77977D15150E882B00485C8D /* BMLT */,
				77977D0E150E882B00485C8D /* Frameworks */,
				77977D0C150E882B00485C8D /* Products */,
			);
			sourceTree = "<group>";
		};
		77977D0C150E882B00485C8D /* Products */ = {
			isa = PBXGroup;
			children = (
				77977D0B150E882B00485C8D /* BMLT-NY.app */,
			);
			name = Products;
			sourceTree = "<group>";
		};
		77977D0E150E882B00485C8D /* Frameworks */ = {
			isa = PBXGroup;
			children = (
				771D0C93150E89BC005A707A /* SystemConfiguration.framework */,
				771D0C91150E899B005A707A /* QuartzCore.framework */,
				771D0C8F150E8986005A707A /* CoreLocation.framework */,
				77977D0F150E882B00485C8D /* UIKit.framework */,
				77977D11150E882B00485C8D /* Foundation.framework */,
				77977D13150E882B00485C8D /* CoreGraphics.framework */,
			);
			name = Frameworks;
			sourceTree = "<group>";
		};
		77977D15150E882B00485C8D /* BMLT */ = {
			isa = PBXGroup;
			children = (
				771D0C30150E88E5005A707A /* Main Application */,
				771D0C3C150E892A005A707A /* Main Search */,
				771D0CCF150E8B73005A707A /* List Results */,
				771D0C4D150E893C005A707A /* Map Results */,
				771D0C73150E893C005A707A /* Settings */,
				77977D16150E882B00485C8D /* Supporting Files */,
				771D0C52150E893C005A707A /* Miscellaneous */,
				771D0C5A150E893C005A707A /* Model */,
			);
			path = BMLT;
			sourceTree = "<group>";
		};
		77977D16150E882B00485C8D /* Supporting Files */ = {
			isa = PBXGroup;
			children = (
				77977D17150E882B00485C8D /* BMLT-Info.plist */,
				77977D18150E882B00485C8D /* InfoPlist.strings */,
				77977D1D150E882B00485C8D /* BMLT-Prefix.pch */,
			);
			name = "Supporting Files";
			sourceTree = "<group>";
		};
/* End PBXGroup section */

/* Begin PBXNativeTarget section */
		77977D0A150E882B00485C8D /* BMLT-NY */ = {
			isa = PBXNativeTarget;
			buildConfigurationList = 77977D37150E882B00485C8D /* Build configuration list for PBXNativeTarget "BMLT-NY" */;
			buildPhases = (
				77977D07150E882B00485C8D /* Sources */,
				77977D08150E882B00485C8D /* Frameworks */,
				77977D09150E882B00485C8D /* Resources */,
			);
			buildRules = (
			);
			dependencies = (
			);
			name = "BMLT-NY";
			productName = BMLT;
			productReference = 77977D0B150E882B00485C8D /* BMLT-NY.app */;
			productType = "com.apple.product-type.application";
		};
/* End PBXNativeTarget section */

/* Begin PBXProject section */
		77977D02150E882B00485C8D /* Project object */ = {
			isa = PBXProject;
			attributes = {
				CLASSPREFIX = BMLT;
				LastUpgradeCheck = 0430;
				ORGANIZATIONNAME = "Nikon Inc.";
			};
			buildConfigurationList = 77977D05150E882B00485C8D /* Build configuration list for PBXProject "BMLT" */;
			compatibilityVersion = "Xcode 3.2";
			developmentRegion = English;
			hasScannedForEncodings = 0;
			knownRegions = (
				en,
			);
			mainGroup = 77977D00150E882B00485C8D;
			productRefGroup = 77977D0C150E882B00485C8D /* Products */;
			projectDirPath = "";
			projectRoot = "";
			targets = (
				77977D0A150E882B00485C8D /* BMLT-NY */,
			);
		};
/* End PBXProject section */

/* Begin PBXResourcesBuildPhase section */
		77977D09150E882B00485C8D /* Resources */ = {
			isa = PBXResourcesBuildPhase;
			buildActionMask = 2147483647;
			files = (
				77977D1A150E882B00485C8D /* InfoPlist.strings in Resources */,
				771D0C3A150E890E005A707A /* iPad.storyboard in Resources */,
				771D0C3B150E890E005A707A /* iPhone.storyboard in Resources */,
				771D0C4B150E892A005A707A /* search.png in Resources */,
				771D0C4C150E892A005A707A /* search@2x.png in Resources */,
				771D0C7B150E893C005A707A /* map.png in Resources */,
				771D0C7C150E893C005A707A /* map@2x.png in Resources */,
				771D0C8D150E893C005A707A /* settings.png in Resources */,
				771D0C8E150E893C005A707A /* settings@2x.png in Resources */,
				771D0CD5150E8B73005A707A /* list.png in Resources */,
				771D0CD6150E8B73005A707A /* list@2x.png in Resources */,
			);
			runOnlyForDeploymentPostprocessing = 0;
		};
/* End PBXResourcesBuildPhase section */

/* Begin PBXSourcesBuildPhase section */
		77977D07150E882B00485C8D /* Sources */ = {
			isa = PBXSourcesBuildPhase;
			buildActionMask = 2147483647;
			files = (
				771D0C34150E88E5005A707A /* BMLTAppDelegate.m in Sources */,
				771D0C35150E88E5005A707A /* main.m in Sources */,
				771D0C47150E892A005A707A /* BMLTAdvancedSearchViewController.m in Sources */,
				771D0C49150E892A005A707A /* BMLTMapSearchViewController.m in Sources */,
				771D0C4A150E892A005A707A /* BMLTSimpleSearchViewController.m in Sources */,
				771D0C7A150E893C005A707A /* BMLTMapResultsViewController.m in Sources */,
				771D0C7D150E893C005A707A /* BMLT_Prefs.m in Sources */,
				771D0C7E150E893C005A707A /* BrassCheckBox.m in Sources */,
				771D0C7F150E893C005A707A /* Reachability.m in Sources */,
				771D0C80150E893C005A707A /* A_BMLT_ChildClass.m in Sources */,
				771D0C81150E893C005A707A /* A_BMLT_Search.m in Sources */,
				771D0C82150E893C005A707A /* A_BMLT_ServiceBodyHierClass.m in Sources */,
				771D0C83150E893C005A707A /* BMLT_Driver.m in Sources */,
				771D0C84150E893C005A707A /* BMLT_Format.m in Sources */,
				771D0C85150E893C005A707A /* BMLT_Location.m in Sources */,
				771D0C86150E893C005A707A /* BMLT_Meeting.m in Sources */,
				771D0C87150E893C005A707A /* BMLT_Meeting_Search.m in Sources */,
				771D0C88150E893C005A707A /* BMLT_Parser.m in Sources */,
				771D0C89150E893C005A707A /* BMLT_Server.m in Sources */,
				771D0C8A150E893C005A707A /* BMLT_ServiceBody.m in Sources */,
				771D0C8B150E893C005A707A /* BMLTAboutViewController.m in Sources */,
				771D0C8C150E893C005A707A /* BMLTSettingsViewController.m in Sources */,
				771D0CD4150E8B73005A707A /* BMLTListResultsViewController.m in Sources */,
				77A10D48151022C200279AAC /* BMLTSegwayController.m in Sources */,
			);
			runOnlyForDeploymentPostprocessing = 0;
		};
/* End PBXSourcesBuildPhase section */

/* Begin PBXVariantGroup section */
		771D0C36150E890E005A707A /* iPad.storyboard */ = {
			isa = PBXVariantGroup;
			children = (
				771D0C37150E890E005A707A /* en */,
			);
			name = iPad.storyboard;
			path = ..;
			sourceTree = "<group>";
		};
		771D0C38150E890E005A707A /* iPhone.storyboard */ = {
			isa = PBXVariantGroup;
			children = (
				771D0C39150E890E005A707A /* en */,
			);
			name = iPhone.storyboard;
			path = ..;
			sourceTree = "<group>";
		};
		77977D18150E882B00485C8D /* InfoPlist.strings */ = {
			isa = PBXVariantGroup;
			children = (
				77977D19150E882B00485C8D /* en */,
			);
			name = InfoPlist.strings;
			sourceTree = "<group>";
		};
/* End PBXVariantGroup section */

/* Begin XCBuildConfiguration section */
		77977D35150E882B00485C8D /* Debug */ = {
			isa = XCBuildConfiguration;
			buildSettings = {
				ALWAYS_SEARCH_USER_PATHS = NO;
				ARCHS = "$(ARCHS_STANDARD_32_BIT)";
				CLANG_ENABLE_OBJC_ARC = YES;
				"CODE_SIGN_IDENTITY[sdk=iphoneos*]" = "iPhone Developer";
				COPY_PHASE_STRIP = NO;
				GCC_C_LANGUAGE_STANDARD = gnu99;
				GCC_DYNAMIC_NO_PIC = NO;
				GCC_OPTIMIZATION_LEVEL = 0;
				GCC_PREPROCESSOR_DEFINITIONS = (
					"DEBUG=1",
					"$(inherited)",
				);
				GCC_SYMBOLS_PRIVATE_EXTERN = NO;
				GCC_VERSION = com.apple.compilers.llvm.clang.1_0;
				GCC_WARN_ABOUT_RETURN_TYPE = YES;
				GCC_WARN_UNINITIALIZED_AUTOS = YES;
				GCC_WARN_UNUSED_VARIABLE = YES;
				IPHONEOS_DEPLOYMENT_TARGET = 5.1;
				SDKROOT = iphoneos;
				TARGETED_DEVICE_FAMILY = "1,2";
			};
			name = Debug;
		};
		77977D36150E882B00485C8D /* Release */ = {
			isa = XCBuildConfiguration;
			buildSettings = {
				ALWAYS_SEARCH_USER_PATHS = NO;
				ARCHS = "$(ARCHS_STANDARD_32_BIT)";
				CLANG_ENABLE_OBJC_ARC = YES;
				"CODE_SIGN_IDENTITY[sdk=iphoneos*]" = "iPhone Developer";
				COPY_PHASE_STRIP = YES;
				GCC_C_LANGUAGE_STANDARD = gnu99;
				GCC_VERSION = com.apple.compilers.llvm.clang.1_0;
				GCC_WARN_ABOUT_RETURN_TYPE = YES;
				GCC_WARN_UNINITIALIZED_AUTOS = YES;
				GCC_WARN_UNUSED_VARIABLE = YES;
				IPHONEOS_DEPLOYMENT_TARGET = 5.1;
				OTHER_CFLAGS = "-DNS_BLOCK_ASSERTIONS=1";
				SDKROOT = iphoneos;
				TARGETED_DEVICE_FAMILY = "1,2";
				VALIDATE_PRODUCT = YES;
			};
			name = Release;
		};
		77977D38150E882B00485C8D /* Debug */ = {
			isa = XCBuildConfiguration;
			buildSettings = {
				GCC_PRECOMPILE_PREFIX_HEADER = YES;
				GCC_PREFIX_HEADER = "BMLT/BMLT-Prefix.pch";
				INFOPLIST_FILE = "BMLT/Variants/BMLT-NY/Info.plist";
				IPHONEOS_DEPLOYMENT_TARGET = 5.0;
				PRODUCT_NAME = "$(TARGET_NAME)";
				WRAPPER_EXTENSION = app;
			};
			name = Debug;
		};
		77977D39150E882B00485C8D /* Release */ = {
			isa = XCBuildConfiguration;
			buildSettings = {
				GCC_PRECOMPILE_PREFIX_HEADER = YES;
				GCC_PREFIX_HEADER = "BMLT/BMLT-Prefix.pch";
				INFOPLIST_FILE = "BMLT/Variants/BMLT-NY/Info.plist";
				IPHONEOS_DEPLOYMENT_TARGET = 5.0;
				PRODUCT_NAME = "$(TARGET_NAME)";
				WRAPPER_EXTENSION = app;
			};
			name = Release;
		};
/* End XCBuildConfiguration section */

/* Begin XCConfigurationList section */
		77977D05150E882B00485C8D /* Build configuration list for PBXProject "BMLT" */ = {
			isa = XCConfigurationList;
			buildConfigurations = (
				77977D35150E882B00485C8D /* Debug */,
				77977D36150E882B00485C8D /* Release */,
			);
			defaultConfigurationIsVisible = 0;
			defaultConfigurationName = Release;
		};
		77977D37150E882B00485C8D /* Build configuration list for PBXNativeTarget "BMLT-NY" */ = {
			isa = XCConfigurationList;
			buildConfigurations = (
				77977D38150E882B00485C8D /* Debug */,
				77977D39150E882B00485C8D /* Release */,
			);
			defaultConfigurationIsVisible = 0;
			defaultConfigurationName = Release;
		};
/* End XCConfigurationList section */
	};
	rootObject = 77977D02150E882B00485C8D /* Project object */;
}
